// !$*UTF8*$!
{
	archiveVersion = 1;
	classes = {
	};
	objectVersion = 56;
	objects = {

/* Begin PBXBuildFile section */
		C66B99C5CDB141628F82DC5F /* AppEnvironment.swift in Sources */ = {isa = PBXBuildFile; fileRef = 558BFAEE149144F18966E6F7 /* AppEnvironment.swift */; };
		FDBAD1513297480E8E351CF2 /* VoltLinkApp.swift in Sources */ = {isa = PBXBuildFile; fileRef = 1972B414606A430AAB10E84E /* VoltLinkApp.swift */; };
		4C6D27B7FAB3485FA56E028D /* CarPlayLayoutStore.swift in Sources */ = {isa = PBXBuildFile; fileRef = ED58E24B309A4F229DC38653 /* CarPlayLayoutStore.swift */; };
		A934AC213636490891BAEA0E /* CarPlaySceneDelegate.swift in Sources */ = {isa = PBXBuildFile; fileRef = 2E34FC3A2B98459696281E96 /* CarPlaySceneDelegate.swift */; };
		2903F03E974846748FB842D9 /* BLEConstants.swift in Sources */ = {isa = PBXBuildFile; fileRef = 593BDAF496CA4324BF6B42EA /* BLEConstants.swift */; };
		CA23A9A339654845AE177C8C /* BluetoothManager.swift in Sources */ = {isa = PBXBuildFile; fileRef = 2556D68A11994AE4BCA3221A /* BluetoothManager.swift */; };
		B530A592BBA54247B93518F6 /* MockDrivingSimulation.swift in Sources */ = {isa = PBXBuildFile; fileRef = 23168F9B4CE34DAE9957AFAA /* MockDrivingSimulation.swift */; };
		8A93CB40694D4A1382C810D5 /* MockOBDAdapter.swift in Sources */ = {isa = PBXBuildFile; fileRef = 892C5933118642BF88820FE3 /* MockOBDAdapter.swift */; };
		B607FBF54F1B4E2080A7DF5A /* TripLocationManager.swift in Sources */ = {isa = PBXBuildFile; fileRef = EE5E6C614C68483AA39CD2CA /* TripLocationManager.swift */; };
		FBCF4EF7F542476F9634DA1F /* DTCCode.swift in Sources */ = {isa = PBXBuildFile; fileRef = 3D7D5265189A4B8495D82BB8 /* DTCCode.swift */; };
		C6132DCDE5EF406BAABDCCED /* ISO15765Parser.swift in Sources */ = {isa = PBXBuildFile; fileRef = F2D7C4F479BD40418DA24C3F /* ISO15765Parser.swift */; };
		A095780CE3584E9EADE8619C /* OBDConnectionProtocol.swift in Sources */ = {isa = PBXBuildFile; fileRef = C090137A7DAA40AC8C55103F /* OBDConnectionProtocol.swift */; };
		199F05AB6D9642F3870A6B9F /* ChargingSessionTracker.swift in Sources */ = {isa = PBXBuildFile; fileRef = 10F266C19B6A4E9F890CE85E /* ChargingSessionTracker.swift */; };
		323EA075D7D04380AEA40A78 /* TelemetryMetric.swift in Sources */ = {isa = PBXBuildFile; fileRef = EE849DD23B644F67917E561E /* TelemetryMetric.swift */; };
		BF2D6CFB61AE432888337061 /* ABRPProfileLoader.swift in Sources */ = {isa = PBXBuildFile; fileRef = AE420535707C44A18F18D028 /* ABRPProfileLoader.swift */; };
		695E09CE81BD4BFD8D05B775 /* GenericEVProfile.swift in Sources */ = {isa = PBXBuildFile; fileRef = 35A3615D4EC84BD0B5BA5062 /* GenericEVProfile.swift */; };
		7D42E496679C4045A12F2CAB /* GenericOBD2Profile.swift in Sources */ = {isa = PBXBuildFile; fileRef = D015CADAE2574543A39EBDDF /* GenericOBD2Profile.swift */; };
		B2F76677E1E942C09B638750 /* HyundaiKiaEGMPProfile.swift in Sources */ = {isa = PBXBuildFile; fileRef = 4F30781774E84CB586C5041F /* HyundaiKiaEGMPProfile.swift */; };
		B9A48F61BEC64CC095AFF1FB /* MercedesEQA250Profile.swift in Sources */ = {isa = PBXBuildFile; fileRef = 20F2C046CD094466BFE0D301 /* MercedesEQA250Profile.swift */; };
		A391F972ADED4840BA274644 /* NissanLeafZE1Profile.swift in Sources */ = {isa = PBXBuildFile; fileRef = 8C539ACEBD434E5EAA25BCE3 /* NissanLeafZE1Profile.swift */; };
		521368B2B0584372AFF3FC60 /* VehicleCatalog.swift in Sources */ = {isa = PBXBuildFile; fileRef = 2EC94EE1190C4E86A95045DE /* VehicleCatalog.swift */; };
		D66A05BE8DAC4442A75C3FB9 /* VehicleProfile.swift in Sources */ = {isa = PBXBuildFile; fileRef = 9806822D6D004F5B99FBBF76 /* VehicleProfile.swift */; };
		299F05BAA96B4FB9B04FC237 /* VehicleProfileRegistry.swift in Sources */ = {isa = PBXBuildFile; fileRef = 12BFB44517FE4CA9A842E9A9 /* VehicleProfileRegistry.swift */; };
		4E406C893D1F45B3B2C10203 /* VolkswagenMEBProfile.swift in Sources */ = {isa = PBXBuildFile; fileRef = E7967A8B52BA4E90A70251A4 /* VolkswagenMEBProfile.swift */; };
		1A86D0B1F9A84EFF92FE9B74 /* ChargingSessionModel.swift in Sources */ = {isa = PBXBuildFile; fileRef = 46BDE6A9F0B6494D983A06AA /* ChargingSessionModel.swift */; };
		6D7129D237B44C38A9622893 /* TripModel.swift in Sources */ = {isa = PBXBuildFile; fileRef = CC0739F9465D44FC9710910C /* TripModel.swift */; };
		9AED1DFC544E4BD18A259833 /* DTCLocalDatabase.swift in Sources */ = {isa = PBXBuildFile; fileRef = 5C5CEEAAEAB04075BFB97E5C /* DTCLocalDatabase.swift */; };
		F70C4AB099814F8FBBEB8EE2 /* Mini_MiniCooperSE.json in Sources */ = {isa = PBXBuildFile; fileRef = 18331CF303FF442898431482 /* Mini_MiniCooperSE.json */; };
		5B7730FA339A4FA69C9291D3 /* aiways_u5.json in Sources */ = {isa = PBXBuildFile; fileRef = 6ECB69359C4A4C5789652544 /* aiways_u5.json */; };
		40DE9523B7E04728909D7D3A /* byd_atto3.json in Sources */ = {isa = PBXBuildFile; fileRef = 69D95C99F007467B8E2B0A58 /* byd_atto3.json */; };
		8E091C0D7E7C406E93C63CE2 /* deepal_s05_deepal_s05_abrp_submit_candidate___Clean.json in Sources */ = {isa = PBXBuildFile; fileRef = 39233EB30C604E9686F625A0 /* deepal_s05_deepal_s05_abrp_submit_candidate___Clean.json */; };
		B3E101D8028D40A0AF89A210 /* ford_MachE.json in Sources */ = {isa = PBXBuildFile; fileRef = 4B7E8F8B3343415288D9A09F /* ford_MachE.json */; };
		A70802BDADD94A8DB15E4F66 /* gmc_bolt17.json in Sources */ = {isa = PBXBuildFile; fileRef = 8CE05FA4AA274E08932C2FCD /* gmc_bolt17.json */; };
		0BA9C6342FCF4E44A3C4E90B /* gmc_bolt19.json in Sources */ = {isa = PBXBuildFile; fileRef = 1754A564338946D183140D9B /* gmc_bolt19.json */; };
		80F295E04D744D4B87CD0408 /* hkmc_Ioniq5.json in Sources */ = {isa = PBXBuildFile; fileRef = 0B7A5D31FE4F408A8C021CEE /* hkmc_Ioniq5.json */; };
		4065271B47A14BA9985057EE /* hkmc_hkmc2017.json in Sources */ = {isa = PBXBuildFile; fileRef = 3F50ECC18CB4496FBC97E4D6 /* hkmc_hkmc2017.json */; };
		A796C92EFFB74BA996BEA295 /* hkmc_hkmc2019.json in Sources */ = {isa = PBXBuildFile; fileRef = 116E9D31A3B348FE90C27F33 /* hkmc_hkmc2019.json */; };
		8B2DF89BC33C4C1EABE85DB6 /* honda_eny1.json in Sources */ = {isa = PBXBuildFile; fileRef = E13F96C3361549108BB506DC /* honda_eny1.json */; };
		56356B9CB2FD4D28BFA855A6 /* jaguar_ipace2019.json in Sources */ = {isa = PBXBuildFile; fileRef = 203A984512E149F495619DA0 /* jaguar_ipace2019.json */; };
		B7061A1FE0704C40A5B99187 /* jaguar_ipace2021.json in Sources */ = {isa = PBXBuildFile; fileRef = 7DB0E1CC551D48C2A85E7C5C /* jaguar_ipace2021.json */; };
		9999E40083674164BB81A85E /* mg_mgzsev.json in Sources */ = {isa = PBXBuildFile; fileRef = 1173F0F6485C4A06BD654706 /* mg_mgzsev.json */; };
		2A048977C01A45E588BFDF91 /* obdble_cars.json in Sources */ = {isa = PBXBuildFile; fileRef = 04251C96C27044ACA14DA800 /* obdble_cars.json */; };
		E8C64FD3DAD8413E9412F165 /* renault_zoe.json in Sources */ = {isa = PBXBuildFile; fileRef = 1F8452B3F4D349559426C1BF /* renault_zoe.json */; };
		031A8A0ADA004E5B9044A4D1 /* renault_zoe2.json in Sources */ = {isa = PBXBuildFile; fileRef = C1A2D01A60574C1FBCFC8D78 /* renault_zoe2.json */; };
		ACDA1149E88C4548B15EDE1A /* volkswagen_MEB.json in Sources */ = {isa = PBXBuildFile; fileRef = 2462C3091A684D85B1DC34E2 /* volkswagen_MEB.json */; };
		A9DF0AD250234A888F8B8295 /* volkswagen_eGolf.json in Sources */ = {isa = PBXBuildFile; fileRef = D7DA24EF95F640D0929784C4 /* volkswagen_eGolf.json */; };
		5394A4BCC1394845A6F0AF48 /* volkswagen_eUP.json in Sources */ = {isa = PBXBuildFile; fileRef = 0DDC363C696F45E79F70BA76 /* volkswagen_eUP.json */; };
		06D9876159414FA6BF0BF742 /* dtc_definitions.json in Sources */ = {isa = PBXBuildFile; fileRef = F5F98774B11D4AB9A4D28F33 /* dtc_definitions.json */; };
		A503434067D54B10ADFF97A0 /* vehicle_catalog.json in Sources */ = {isa = PBXBuildFile; fileRef = 8A4755B7073B4BD48FCE648C /* vehicle_catalog.json */; };
		C07F06453C26424C90F10B14 /* AILogAnalyzer.swift in Sources */ = {isa = PBXBuildFile; fileRef = 3BCD1771D21E45839D33A95C /* AILogAnalyzer.swift */; };
		D8271177338E47E6B320C7F3 /* DTCScannerService.swift in Sources */ = {isa = PBXBuildFile; fileRef = 7C727D564E3A4A15848EB06B /* DTCScannerService.swift */; };
		46A8A25A299F481C97F751A0 /* TripTrackingManager.swift in Sources */ = {isa = PBXBuildFile; fileRef = 4276B481EA7A4A169B1172F9 /* TripTrackingManager.swift */; };
		1012FD3B6D7844AEBB90BE40 /* VehicleDataManager.swift in Sources */ = {isa = PBXBuildFile; fileRef = E5168EFDF1894D299F76EF3F /* VehicleDataManager.swift */; };
		B7E23342D9D34D9CB196AA41 /* ChargingLiveView.swift in Sources */ = {isa = PBXBuildFile; fileRef = 9DCEB471622E427B9F87CB8E /* ChargingLiveView.swift */; };
		2EA92A41D30A4165B3F65321 /* DashboardCustomizationSheet.swift in Sources */ = {isa = PBXBuildFile; fileRef = 5D413F7B00234279AC1BBC46 /* DashboardCustomizationSheet.swift */; };
		65F6333E85924631B0BE1FBA /* DashboardView.swift in Sources */ = {isa = PBXBuildFile; fileRef = 4E702E30EA354B7EA03BBE29 /* DashboardView.swift */; };
		B2F6AE010D7141E1B52D5730 /* DashboardWidgetConfig.swift in Sources */ = {isa = PBXBuildFile; fileRef = 5E467B4C39284821BAAED876 /* DashboardWidgetConfig.swift */; };
		21B9A560B87B4F6E885B97DB /* DashboardWidgetTile.swift in Sources */ = {isa = PBXBuildFile; fileRef = DA61AE6924874E4D9C4915B8 /* DashboardWidgetTile.swift */; };
		370837327A10405D88296812 /* HUDModeView.swift in Sources */ = {isa = PBXBuildFile; fileRef = 92DCD52D67D741188DC38F61 /* HUDModeView.swift */; };
		92CB2E15B9C34554AA94F352 /* LiveTelemetryChartView.swift in Sources */ = {isa = PBXBuildFile; fileRef = A40829FFD00C480591943BA4 /* LiveTelemetryChartView.swift */; };
		4AED13BADD1D4F55B5CC97A4 /* DemoControlSheet.swift in Sources */ = {isa = PBXBuildFile; fileRef = 24D5E362F9B04172B2FBF771 /* DemoControlSheet.swift */; };
		0298814DE9CA4A0AAF9536A0 /* BatteryLevelBar.swift in Sources */ = {isa = PBXBuildFile; fileRef = 90BF6D6BFCB248DDB594CE72 /* BatteryLevelBar.swift */; };
		45A1039DC64B424B954F1DE6 /* CircularPowerGauge.swift in Sources */ = {isa = PBXBuildFile; fileRef = 2B54F3BCBCF64371849CF7CA /* CircularPowerGauge.swift */; };
		003B879CE764481DB514D857 /* MetricBarView.swift in Sources */ = {isa = PBXBuildFile; fileRef = 59CE7C2ECB0B402B88535234 /* MetricBarView.swift */; };
		A6055FC961E84948B4BD67B0 /* MetricDialView.swift in Sources */ = {isa = PBXBuildFile; fileRef = 712F53D28A0B45A29EF09681 /* MetricDialView.swift */; };
		6A41A7E1A2DC4947ACAF826F /* MetricNumericTileView.swift in Sources */ = {isa = PBXBuildFile; fileRef = 305DEBCC2B064B4B833BB5CF /* MetricNumericTileView.swift */; };
		E4D0B717CB394033AE09C6F6 /* SpeedometerView.swift in Sources */ = {isa = PBXBuildFile; fileRef = 31EF3A925B914C66B46F0FD5 /* SpeedometerView.swift */; };
		90D46717893041ED8C811AA5 /* FloatingConnectionBanner.swift in Sources */ = {isa = PBXBuildFile; fileRef = E100C003543A4281822B87BF /* FloatingConnectionBanner.swift */; };
		51A39A9648E34028A6F65AF5 /* Theme.swift in Sources */ = {isa = PBXBuildFile; fileRef = BA873BD1F7924D38A2D6BDD2 /* Theme.swift */; };
		7D079E47FD954B32A12E332B /* DiagnosticsView.swift in Sources */ = {isa = PBXBuildFile; fileRef = E87649B80268474EB2720392 /* DiagnosticsView.swift */; };
		7BCD3DA0E6934F1699D5C076 /* CarPlayTileEditorView.swift in Sources */ = {isa = PBXBuildFile; fileRef = D919612860BB4172BBD1781D /* CarPlayTileEditorView.swift */; };
		91D226D9361645BE8C973514 /* OBDTerminalView.swift in Sources */ = {isa = PBXBuildFile; fileRef = 1704CBB468544998BBB6B405 /* OBDTerminalView.swift */; };
		B764253069FE4F8EBE55DF3E /* SettingsView.swift in Sources */ = {isa = PBXBuildFile; fileRef = 888A2CA80D5F41EB9C5FB127 /* SettingsView.swift */; };
		48EF960AA1C04E90B9E11D24 /* VehicleProfilePickerSheet.swift in Sources */ = {isa = PBXBuildFile; fileRef = 09FA1BA34AA54CE89F440F0E /* VehicleProfilePickerSheet.swift */; };
		3FF70F92BF5442AB9F12E93B /* TripDetailView.swift in Sources */ = {isa = PBXBuildFile; fileRef = 03AD70751A5646C6AB6773BE /* TripDetailView.swift */; };
		52FFC242B2BC489A89C0F2D6 /* TripHistoryView.swift in Sources */ = {isa = PBXBuildFile; fileRef = AE73DE228A47422B9B476A8A /* TripHistoryView.swift */; };
		331A41DF36E04F3ABBA8C939 /* ActivityAttributes.swift in Sources */ = {isa = PBXBuildFile; fileRef = 5EA7A803EE3448F9A53EE482 /* ActivityAttributes.swift */; };
		DCEA370DF9184C61849F25B4 /* Assets.xcassets in Resources */ = {isa = PBXBuildFile; fileRef = 4C2CBB2B4467468687C012C1 /* Assets.xcassets */; };
/* End PBXBuildFile section */

/* Begin PBXFileReference section */
		558BFAEE149144F18966E6F7 /* AppEnvironment.swift */ = {isa = PBXFileReference; lastKnownFileType = sourcecode.swift; path = "AppEnvironment.swift"; sourceTree = "<group>"; };
		1972B414606A430AAB10E84E /* VoltLinkApp.swift */ = {isa = PBXFileReference; lastKnownFileType = sourcecode.swift; path = "VoltLinkApp.swift"; sourceTree = "<group>"; };
		ED58E24B309A4F229DC38653 /* CarPlayLayoutStore.swift */ = {isa = PBXFileReference; lastKnownFileType = sourcecode.swift; path = "CarPlayLayoutStore.swift"; sourceTree = "<group>"; };
		2E34FC3A2B98459696281E96 /* CarPlaySceneDelegate.swift */ = {isa = PBXFileReference; lastKnownFileType = sourcecode.swift; path = "CarPlaySceneDelegate.swift"; sourceTree = "<group>"; };
		593BDAF496CA4324BF6B42EA /* BLEConstants.swift */ = {isa = PBXFileReference; lastKnownFileType = sourcecode.swift; path = "BLEConstants.swift"; sourceTree = "<group>"; };
		2556D68A11994AE4BCA3221A /* BluetoothManager.swift */ = {isa = PBXFileReference; lastKnownFileType = sourcecode.swift; path = "BluetoothManager.swift"; sourceTree = "<group>"; };
		23168F9B4CE34DAE9957AFAA /* MockDrivingSimulation.swift */ = {isa = PBXFileReference; lastKnownFileType = sourcecode.swift; path = "MockDrivingSimulation.swift"; sourceTree = "<group>"; };
		892C5933118642BF88820FE3 /* MockOBDAdapter.swift */ = {isa = PBXFileReference; lastKnownFileType = sourcecode.swift; path = "MockOBDAdapter.swift"; sourceTree = "<group>"; };
		EE5E6C614C68483AA39CD2CA /* TripLocationManager.swift */ = {isa = PBXFileReference; lastKnownFileType = sourcecode.swift; path = "TripLocationManager.swift"; sourceTree = "<group>"; };
		3D7D5265189A4B8495D82BB8 /* DTCCode.swift */ = {isa = PBXFileReference; lastKnownFileType = sourcecode.swift; path = "DTCCode.swift"; sourceTree = "<group>"; };
		F2D7C4F479BD40418DA24C3F /* ISO15765Parser.swift */ = {isa = PBXFileReference; lastKnownFileType = sourcecode.swift; path = "ISO15765Parser.swift"; sourceTree = "<group>"; };
		C090137A7DAA40AC8C55103F /* OBDConnectionProtocol.swift */ = {isa = PBXFileReference; lastKnownFileType = sourcecode.swift; path = "OBDConnectionProtocol.swift"; sourceTree = "<group>"; };
		10F266C19B6A4E9F890CE85E /* ChargingSessionTracker.swift */ = {isa = PBXFileReference; lastKnownFileType = sourcecode.swift; path = "ChargingSessionTracker.swift"; sourceTree = "<group>"; };
		EE849DD23B644F67917E561E /* TelemetryMetric.swift */ = {isa = PBXFileReference; lastKnownFileType = sourcecode.swift; path = "TelemetryMetric.swift"; sourceTree = "<group>"; };
		AE420535707C44A18F18D028 /* ABRPProfileLoader.swift */ = {isa = PBXFileReference; lastKnownFileType = sourcecode.swift; path = "ABRPProfileLoader.swift"; sourceTree = "<group>"; };
		35A3615D4EC84BD0B5BA5062 /* GenericEVProfile.swift */ = {isa = PBXFileReference; lastKnownFileType = sourcecode.swift; path = "GenericEVProfile.swift"; sourceTree = "<group>"; };
		D015CADAE2574543A39EBDDF /* GenericOBD2Profile.swift */ = {isa = PBXFileReference; lastKnownFileType = sourcecode.swift; path = "GenericOBD2Profile.swift"; sourceTree = "<group>"; };
		4F30781774E84CB586C5041F /* HyundaiKiaEGMPProfile.swift */ = {isa = PBXFileReference; lastKnownFileType = sourcecode.swift; path = "HyundaiKiaEGMPProfile.swift"; sourceTree = "<group>"; };
		20F2C046CD094466BFE0D301 /* MercedesEQA250Profile.swift */ = {isa = PBXFileReference; lastKnownFileType = sourcecode.swift; path = "MercedesEQA250Profile.swift"; sourceTree = "<group>"; };
		8C539ACEBD434E5EAA25BCE3 /* NissanLeafZE1Profile.swift */ = {isa = PBXFileReference; lastKnownFileType = sourcecode.swift; path = "NissanLeafZE1Profile.swift"; sourceTree = "<group>"; };
		2EC94EE1190C4E86A95045DE /* VehicleCatalog.swift */ = {isa = PBXFileReference; lastKnownFileType = sourcecode.swift; path = "VehicleCatalog.swift"; sourceTree = "<group>"; };
		9806822D6D004F5B99FBBF76 /* VehicleProfile.swift */ = {isa = PBXFileReference; lastKnownFileType = sourcecode.swift; path = "VehicleProfile.swift"; sourceTree = "<group>"; };
		12BFB44517FE4CA9A842E9A9 /* VehicleProfileRegistry.swift */ = {isa = PBXFileReference; lastKnownFileType = sourcecode.swift; path = "VehicleProfileRegistry.swift"; sourceTree = "<group>"; };
		E7967A8B52BA4E90A70251A4 /* VolkswagenMEBProfile.swift */ = {isa = PBXFileReference; lastKnownFileType = sourcecode.swift; path = "VolkswagenMEBProfile.swift"; sourceTree = "<group>"; };
		46BDE6A9F0B6494D983A06AA /* ChargingSessionModel.swift */ = {isa = PBXFileReference; lastKnownFileType = sourcecode.swift; path = "ChargingSessionModel.swift"; sourceTree = "<group>"; };
		CC0739F9465D44FC9710910C /* TripModel.swift */ = {isa = PBXFileReference; lastKnownFileType = sourcecode.swift; path = "TripModel.swift"; sourceTree = "<group>"; };
		5C5CEEAAEAB04075BFB97E5C /* DTCLocalDatabase.swift */ = {isa = PBXFileReference; lastKnownFileType = sourcecode.swift; path = "DTCLocalDatabase.swift"; sourceTree = "<group>"; };
		18331CF303FF442898431482 /* Mini_MiniCooperSE.json */ = {isa = PBXFileReference; lastKnownFileType = text.json; path = "Mini_MiniCooperSE.json"; sourceTree = "<group>"; };
		6ECB69359C4A4C5789652544 /* aiways_u5.json */ = {isa = PBXFileReference; lastKnownFileType = text.json; path = "aiways_u5.json"; sourceTree = "<group>"; };
		69D95C99F007467B8E2B0A58 /* byd_atto3.json */ = {isa = PBXFileReference; lastKnownFileType = text.json; path = "byd_atto3.json"; sourceTree = "<group>"; };
		39233EB30C604E9686F625A0 /* deepal_s05_deepal_s05_abrp_submit_candidate___Clean.json */ = {isa = PBXFileReference; lastKnownFileType = text.json; path = "deepal_s05_deepal_s05_abrp_submit_candidate___Clean.json"; sourceTree = "<group>"; };
		4B7E8F8B3343415288D9A09F /* ford_MachE.json */ = {isa = PBXFileReference; lastKnownFileType = text.json; path = "ford_MachE.json"; sourceTree = "<group>"; };
		8CE05FA4AA274E08932C2FCD /* gmc_bolt17.json */ = {isa = PBXFileReference; lastKnownFileType = text.json; path = "gmc_bolt17.json"; sourceTree = "<group>"; };
		1754A564338946D183140D9B /* gmc_bolt19.json */ = {isa = PBXFileReference; lastKnownFileType = text.json; path = "gmc_bolt19.json"; sourceTree = "<group>"; };
		0B7A5D31FE4F408A8C021CEE /* hkmc_Ioniq5.json */ = {isa = PBXFileReference; lastKnownFileType = text.json; path = "hkmc_Ioniq5.json"; sourceTree = "<group>"; };
		3F50ECC18CB4496FBC97E4D6 /* hkmc_hkmc2017.json */ = {isa = PBXFileReference; lastKnownFileType = text.json; path = "hkmc_hkmc2017.json"; sourceTree = "<group>"; };
		116E9D31A3B348FE90C27F33 /* hkmc_hkmc2019.json */ = {isa = PBXFileReference; lastKnownFileType = text.json; path = "hkmc_hkmc2019.json"; sourceTree = "<group>"; };
		E13F96C3361549108BB506DC /* honda_eny1.json */ = {isa = PBXFileReference; lastKnownFileType = text.json; path = "honda_eny1.json"; sourceTree = "<group>"; };
		203A984512E149F495619DA0 /* jaguar_ipace2019.json */ = {isa = PBXFileReference; lastKnownFileType = text.json; path = "jaguar_ipace2019.json"; sourceTree = "<group>"; };
		7DB0E1CC551D48C2A85E7C5C /* jaguar_ipace2021.json */ = {isa = PBXFileReference; lastKnownFileType = text.json; path = "jaguar_ipace2021.json"; sourceTree = "<group>"; };
		1173F0F6485C4A06BD654706 /* mg_mgzsev.json */ = {isa = PBXFileReference; lastKnownFileType = text.json; path = "mg_mgzsev.json"; sourceTree = "<group>"; };
		04251C96C27044ACA14DA800 /* obdble_cars.json */ = {isa = PBXFileReference; lastKnownFileType = text.json; path = "obdble_cars.json"; sourceTree = "<group>"; };
		1F8452B3F4D349559426C1BF /* renault_zoe.json */ = {isa = PBXFileReference; lastKnownFileType = text.json; path = "renault_zoe.json"; sourceTree = "<group>"; };
		C1A2D01A60574C1FBCFC8D78 /* renault_zoe2.json */ = {isa = PBXFileReference; lastKnownFileType = text.json; path = "renault_zoe2.json"; sourceTree = "<group>"; };
		2462C3091A684D85B1DC34E2 /* volkswagen_MEB.json */ = {isa = PBXFileReference; lastKnownFileType = text.json; path = "volkswagen_MEB.json"; sourceTree = "<group>"; };
		D7DA24EF95F640D0929784C4 /* volkswagen_eGolf.json */ = {isa = PBXFileReference; lastKnownFileType = text.json; path = "volkswagen_eGolf.json"; sourceTree = "<group>"; };
		0DDC363C696F45E79F70BA76 /* volkswagen_eUP.json */ = {isa = PBXFileReference; lastKnownFileType = text.json; path = "volkswagen_eUP.json"; sourceTree = "<group>"; };
		F5F98774B11D4AB9A4D28F33 /* dtc_definitions.json */ = {isa = PBXFileReference; lastKnownFileType = text.json; path = "dtc_definitions.json"; sourceTree = "<group>"; };
		8A4755B7073B4BD48FCE648C /* vehicle_catalog.json */ = {isa = PBXFileReference; lastKnownFileType = text.json; path = "vehicle_catalog.json"; sourceTree = "<group>"; };
		3BCD1771D21E45839D33A95C /* AILogAnalyzer.swift */ = {isa = PBXFileReference; lastKnownFileType = sourcecode.swift; path = "AILogAnalyzer.swift"; sourceTree = "<group>"; };
		7C727D564E3A4A15848EB06B /* DTCScannerService.swift */ = {isa = PBXFileReference; lastKnownFileType = sourcecode.swift; path = "DTCScannerService.swift"; sourceTree = "<group>"; };
		4276B481EA7A4A169B1172F9 /* TripTrackingManager.swift */ = {isa = PBXFileReference; lastKnownFileType = sourcecode.swift; path = "TripTrackingManager.swift"; sourceTree = "<group>"; };
		E5168EFDF1894D299F76EF3F /* VehicleDataManager.swift */ = {isa = PBXFileReference; lastKnownFileType = sourcecode.swift; path = "VehicleDataManager.swift"; sourceTree = "<group>"; };
		9DCEB471622E427B9F87CB8E /* ChargingLiveView.swift */ = {isa = PBXFileReference; lastKnownFileType = sourcecode.swift; path = "ChargingLiveView.swift"; sourceTree = "<group>"; };
		5D413F7B00234279AC1BBC46 /* DashboardCustomizationSheet.swift */ = {isa = PBXFileReference; lastKnownFileType = sourcecode.swift; path = "DashboardCustomizationSheet.swift"; sourceTree = "<group>"; };
		4E702E30EA354B7EA03BBE29 /* DashboardView.swift */ = {isa = PBXFileReference; lastKnownFileType = sourcecode.swift; path = "DashboardView.swift"; sourceTree = "<group>"; };
		5E467B4C39284821BAAED876 /* DashboardWidgetConfig.swift */ = {isa = PBXFileReference; lastKnownFileType = sourcecode.swift; path = "DashboardWidgetConfig.swift"; sourceTree = "<group>"; };
		DA61AE6924874E4D9C4915B8 /* DashboardWidgetTile.swift */ = {isa = PBXFileReference; lastKnownFileType = sourcecode.swift; path = "DashboardWidgetTile.swift"; sourceTree = "<group>"; };
		92DCD52D67D741188DC38F61 /* HUDModeView.swift */ = {isa = PBXFileReference; lastKnownFileType = sourcecode.swift; path = "HUDModeView.swift"; sourceTree = "<group>"; };
		A40829FFD00C480591943BA4 /* LiveTelemetryChartView.swift */ = {isa = PBXFileReference; lastKnownFileType = sourcecode.swift; path = "LiveTelemetryChartView.swift"; sourceTree = "<group>"; };
		24D5E362F9B04172B2FBF771 /* DemoControlSheet.swift */ = {isa = PBXFileReference; lastKnownFileType = sourcecode.swift; path = "DemoControlSheet.swift"; sourceTree = "<group>"; };
		90BF6D6BFCB248DDB594CE72 /* BatteryLevelBar.swift */ = {isa = PBXFileReference; lastKnownFileType = sourcecode.swift; path = "BatteryLevelBar.swift"; sourceTree = "<group>"; };
		2B54F3BCBCF64371849CF7CA /* CircularPowerGauge.swift */ = {isa = PBXFileReference; lastKnownFileType = sourcecode.swift; path = "CircularPowerGauge.swift"; sourceTree = "<group>"; };
		59CE7C2ECB0B402B88535234 /* MetricBarView.swift */ = {isa = PBXFileReference; lastKnownFileType = sourcecode.swift; path = "MetricBarView.swift"; sourceTree = "<group>"; };
		712F53D28A0B45A29EF09681 /* MetricDialView.swift */ = {isa = PBXFileReference; lastKnownFileType = sourcecode.swift; path = "MetricDialView.swift"; sourceTree = "<group>"; };
		305DEBCC2B064B4B833BB5CF /* MetricNumericTileView.swift */ = {isa = PBXFileReference; lastKnownFileType = sourcecode.swift; path = "MetricNumericTileView.swift"; sourceTree = "<group>"; };
		31EF3A925B914C66B46F0FD5 /* SpeedometerView.swift */ = {isa = PBXFileReference; lastKnownFileType = sourcecode.swift; path = "SpeedometerView.swift"; sourceTree = "<group>"; };
		E100C003543A4281822B87BF /* FloatingConnectionBanner.swift */ = {isa = PBXFileReference; lastKnownFileType = sourcecode.swift; path = "FloatingConnectionBanner.swift"; sourceTree = "<group>"; };
		BA873BD1F7924D38A2D6BDD2 /* Theme.swift */ = {isa = PBXFileReference; lastKnownFileType = sourcecode.swift; path = "Theme.swift"; sourceTree = "<group>"; };
		E87649B80268474EB2720392 /* DiagnosticsView.swift */ = {isa = PBXFileReference; lastKnownFileType = sourcecode.swift; path = "DiagnosticsView.swift"; sourceTree = "<group>"; };
		D919612860BB4172BBD1781D /* CarPlayTileEditorView.swift */ = {isa = PBXFileReference; lastKnownFileType = sourcecode.swift; path = "CarPlayTileEditorView.swift"; sourceTree = "<group>"; };
		1704CBB468544998BBB6B405 /* OBDTerminalView.swift */ = {isa = PBXFileReference; lastKnownFileType = sourcecode.swift; path = "OBDTerminalView.swift"; sourceTree = "<group>"; };
		888A2CA80D5F41EB9C5FB127 /* SettingsView.swift */ = {isa = PBXFileReference; lastKnownFileType = sourcecode.swift; path = "SettingsView.swift"; sourceTree = "<group>"; };
		09FA1BA34AA54CE89F440F0E /* VehicleProfilePickerSheet.swift */ = {isa = PBXFileReference; lastKnownFileType = sourcecode.swift; path = "VehicleProfilePickerSheet.swift"; sourceTree = "<group>"; };
		03AD70751A5646C6AB6773BE /* TripDetailView.swift */ = {isa = PBXFileReference; lastKnownFileType = sourcecode.swift; path = "TripDetailView.swift"; sourceTree = "<group>"; };
		AE73DE228A47422B9B476A8A /* TripHistoryView.swift */ = {isa = PBXFileReference; lastKnownFileType = sourcecode.swift; path = "TripHistoryView.swift"; sourceTree = "<group>"; };
		5EA7A803EE3448F9A53EE482 /* ActivityAttributes.swift */ = {isa = PBXFileReference; lastKnownFileType = sourcecode.swift; path = "ActivityAttributes.swift"; sourceTree = "<group>"; };
		4C2CBB2B4467468687C012C1 /* Assets.xcassets */ = {isa = PBXFileReference; lastKnownFileType = folder.assetcatalog; path = "Assets.xcassets"; sourceTree = "<group>"; };
		DF674D389E6D48F1ACC00481 /* VoltLink.app */ = {isa = PBXFileReference; explicitFileType = wrapper.application; includeInIndex = 0; path = VoltLink.app; sourceTree = BUILT_PRODUCTS_DIR; };
/* End PBXFileReference section */

/* Begin PBXFrameworksBuildPhase section */
		3D31211F0E0D4FB08AFD2CA7 /* Frameworks */ = {
			isa = PBXFrameworksBuildPhase;
			buildActionMask = 2147483647;
			files = (
			);
			runOnlyForDeploymentPostprocessing = 0;
		};
/* End PBXFrameworksBuildPhase section */

/* Begin PBXGroup section */
		91383959C7DD461E999DCC2D /* Main */ = {
			isa = PBXGroup;
			children = (
				12C36517A3B547BC98183836,
				968F1BF0C41A4B299DA8533F,
				7FEB20EBDA4E44B09B01C1D7,
				23A4A142A4444E7488471908,
				05F0C56452F040068EDC6F93,
				4BF77AD0F61145B9B324585E,
				5126B3CA49C244E4AC5EB34D,
				E8C9C074A06C4B018D96859D
			);
			sourceTree = "<group>";
		};
		E8C9C074A06C4B018D96859D /* Products */ = {
			isa = PBXGroup;
			children = (
				DF674D389E6D48F1ACC00481 /* VoltLink.app */,
			);
			name = Products;
			sourceTree = "<group>";
		};
		12C36517A3B547BC98183836 /* App */ = {
			isa = PBXGroup;
			children = (
				558BFAEE149144F18966E6F7,
				1972B414606A430AAB10E84E,
				4C2CBB2B4467468687C012C1
			);
			path = "App";
			sourceTree = "<group>";
		};
		968F1BF0C41A4B299DA8533F /* CarPlay */ = {
			isa = PBXGroup;
			children = (
				ED58E24B309A4F229DC38653,
				2E34FC3A2B98459696281E96
			);
			path = "CarPlay";
			sourceTree = "<group>";
		};
		7FEB20EBDA4E44B09B01C1D7 /* Core */ = {
			isa = PBXGroup;
			children = (
				188E533C828246C3B48D1403,
				94A056CC3FCD4529BCB8F8B4,
				D8E13DCAC3124067B7969CAC,
				E5FF3AD06D144EB3A925F0CB,
				BF3B2EAD9D9745CD9EEC8FE4,
				4AFD144183AD4AC681E9EE88
			);
			path = "Core";
			sourceTree = "<group>";
		};
		188E533C828246C3B48D1403 /* Bluetooth */ = {
			isa = PBXGroup;
			children = (
				593BDAF496CA4324BF6B42EA,
				2556D68A11994AE4BCA3221A
			);
			path = "Bluetooth";
			sourceTree = "<group>";
		};
		94A056CC3FCD4529BCB8F8B4 /* Demo */ = {
			isa = PBXGroup;
			children = (
				23168F9B4CE34DAE9957AFAA,
				892C5933118642BF88820FE3
			);
			path = "Demo";
			sourceTree = "<group>";
		};
		D8E13DCAC3124067B7969CAC /* Location */ = {
			isa = PBXGroup;
			children = (
				EE5E6C614C68483AA39CD2CA
			);
			path = "Location";
			sourceTree = "<group>";
		};
		E5FF3AD06D144EB3A925F0CB /* OBD */ = {
			isa = PBXGroup;
			children = (
				3D7D5265189A4B8495D82BB8,
				F2D7C4F479BD40418DA24C3F,
				C090137A7DAA40AC8C55103F
			);
			path = "OBD";
			sourceTree = "<group>";
		};
		BF3B2EAD9D9745CD9EEC8FE4 /* Telemetry */ = {
			isa = PBXGroup;
			children = (
				10F266C19B6A4E9F890CE85E,
				EE849DD23B644F67917E561E
			);
			path = "Telemetry";
			sourceTree = "<group>";
		};
		4AFD144183AD4AC681E9EE88 /* Vehicles */ = {
			isa = PBXGroup;
			children = (
				AE420535707C44A18F18D028,
				35A3615D4EC84BD0B5BA5062,
				D015CADAE2574543A39EBDDF,
				4F30781774E84CB586C5041F,
				20F2C046CD094466BFE0D301,
				8C539ACEBD434E5EAA25BCE3,
				2EC94EE1190C4E86A95045DE,
				9806822D6D004F5B99FBBF76,
				12BFB44517FE4CA9A842E9A9,
				E7967A8B52BA4E90A70251A4
			);
			path = "Vehicles";
			sourceTree = "<group>";
		};
		23A4A142A4444E7488471908 /* Data */ = {
			isa = PBXGroup;
			children = (
				FB632D456D4B4E71971B8BFE,
				6A992FDD09484698A20B92B6,
				20961EB8A7F249CCACEA34C8
			);
			path = "Data";
			sourceTree = "<group>";
		};
		FB632D456D4B4E71971B8BFE /* Models */ = {
			isa = PBXGroup;
			children = (
				46BDE6A9F0B6494D983A06AA,
				CC0739F9465D44FC9710910C
			);
			path = "Models";
			sourceTree = "<group>";
		};
		6A992FDD09484698A20B92B6 /* Repositories */ = {
			isa = PBXGroup;
			children = (
				5C5CEEAAEAB04075BFB97E5C
			);
			path = "Repositories";
			sourceTree = "<group>";
		};
		20961EB8A7F249CCACEA34C8 /* Seed */ = {
			isa = PBXGroup;
			children = (
				8A9E4DEAEB724807B9B5144A,
				F5F98774B11D4AB9A4D28F33,
				8A4755B7073B4BD48FCE648C
			);
			path = "Seed";
			sourceTree = "<group>";
		};
		8A9E4DEAEB724807B9B5144A /* abrp_pids */ = {
			isa = PBXGroup;
			children = (
				18331CF303FF442898431482,
				6ECB69359C4A4C5789652544,
				69D95C99F007467B8E2B0A58,
				39233EB30C604E9686F625A0,
				4B7E8F8B3343415288D9A09F,
				8CE05FA4AA274E08932C2FCD,
				1754A564338946D183140D9B,
				0B7A5D31FE4F408A8C021CEE,
				3F50ECC18CB4496FBC97E4D6,
				116E9D31A3B348FE90C27F33,
				E13F96C3361549108BB506DC,
				203A984512E149F495619DA0,
				7DB0E1CC551D48C2A85E7C5C,
				1173F0F6485C4A06BD654706,
				04251C96C27044ACA14DA800,
				1F8452B3F4D349559426C1BF,
				C1A2D01A60574C1FBCFC8D78,
				2462C3091A684D85B1DC34E2,
				D7DA24EF95F640D0929784C4,
				0DDC363C696F45E79F70BA76
			);
			path = "abrp_pids";
			sourceTree = "<group>";
		};
		05F0C56452F040068EDC6F93 /* Services */ = {
			isa = PBXGroup;
			children = (
				3BCD1771D21E45839D33A95C,
				7C727D564E3A4A15848EB06B,
				4276B481EA7A4A169B1172F9,
				E5168EFDF1894D299F76EF3F
			);
			path = "Services";
			sourceTree = "<group>";
		};
		4BF77AD0F61145B9B324585E /* UI */ = {
			isa = PBXGroup;
			children = (
				5187870668BE42D19D13BB85,
				4F59DB602C0D45038BBE503C,
				4493A5E1D4554F09AB1BE766,
				2B7028099CB64C5FAA69930B,
				15A719CEACF946D8A415485B,
				9514A8C0E73B489188EEB06C,
				E988D196C237436FB2273745
			);
			path = "UI";
			sourceTree = "<group>";
		};
		5187870668BE42D19D13BB85 /* Charging */ = {
			isa = PBXGroup;
			children = (
				9DCEB471622E427B9F87CB8E
			);
			path = "Charging";
			sourceTree = "<group>";
		};
		4F59DB602C0D45038BBE503C /* Dashboard */ = {
			isa = PBXGroup;
			children = (
				5D413F7B00234279AC1BBC46,
				4E702E30EA354B7EA03BBE29,
				5E467B4C39284821BAAED876,
				DA61AE6924874E4D9C4915B8,
				92DCD52D67D741188DC38F61,
				A40829FFD00C480591943BA4
			);
			path = "Dashboard";
			sourceTree = "<group>";
		};
		4493A5E1D4554F09AB1BE766 /* DemoHUD */ = {
			isa = PBXGroup;
			children = (
				24D5E362F9B04172B2FBF771
			);
			path = "DemoHUD";
			sourceTree = "<group>";
		};
		2B7028099CB64C5FAA69930B /* DesignSystem */ = {
			isa = PBXGroup;
			children = (
				2AD67E9EEB8746F58C2EF3D9,
				E100C003543A4281822B87BF,
				BA873BD1F7924D38A2D6BDD2
			);
			path = "DesignSystem";
			sourceTree = "<group>";
		};
		2AD67E9EEB8746F58C2EF3D9 /* AnimatedGauges */ = {
			isa = PBXGroup;
			children = (
				90BF6D6BFCB248DDB594CE72,
				2B54F3BCBCF64371849CF7CA,
				59CE7C2ECB0B402B88535234,
				712F53D28A0B45A29EF09681,
				305DEBCC2B064B4B833BB5CF,
				31EF3A925B914C66B46F0FD5
			);
			path = "AnimatedGauges";
			sourceTree = "<group>";
		};
		15A719CEACF946D8A415485B /* Diagnostics */ = {
			isa = PBXGroup;
			children = (
				E87649B80268474EB2720392
			);
			path = "Diagnostics";
			sourceTree = "<group>";
		};
		9514A8C0E73B489188EEB06C /* Settings */ = {
			isa = PBXGroup;
			children = (
				D919612860BB4172BBD1781D,
				1704CBB468544998BBB6B405,
				888A2CA80D5F41EB9C5FB127,
				09FA1BA34AA54CE89F440F0E
			);
			path = "Settings";
			sourceTree = "<group>";
		};
		E988D196C237436FB2273745 /* Trips */ = {
			isa = PBXGroup;
			children = (
				03AD70751A5646C6AB6773BE,
				AE73DE228A47422B9B476A8A
			);
			path = "Trips";
			sourceTree = "<group>";
		};
		5126B3CA49C244E4AC5EB34D /* Widgets */ = {
			isa = PBXGroup;
			children = (
				86BE523D771A4A12ACBCC591
			);
			path = "Widgets";
			sourceTree = "<group>";
		};
		86BE523D771A4A12ACBCC591 /* VoltLinkLiveActivity */ = {
			isa = PBXGroup;
			children = (
				5EA7A803EE3448F9A53EE482
			);
			path = "VoltLinkLiveActivity";
			sourceTree = "<group>";
		};
/* End PBXGroup section */

/* Begin PBXNativeTarget section */
		8C91952AF1CB4516AF5E8CED /* VoltLink */ = {
			isa = PBXNativeTarget;
			buildConfigurationList = 017281EF2C8446B8AC06D33D /* Build configuration list for PBXNativeTarget "VoltLink" */;
			buildPhases = (
				87EBF80C78C6489FB5BD835E /* Sources */,
				436F7028261047199F9ED8FC /* Resources */,
				3D31211F0E0D4FB08AFD2CA7 /* Frameworks */,
			);
			buildRules = (
			);
			dependencies = (
			);
			name = VoltLink;
			productName = VoltLink;
			productReference = DF674D389E6D48F1ACC00481 /* VoltLink.app */;
			productType = "com.apple.product-type.application";
		};
/* End PBXNativeTarget section */

/* Begin PBXProject section */
		CB7A3D652DE04196AC4DEAE1 /* Project Object */ = {
			isa = PBXProject;
			attributes = {
				BuildIndependentTargetsInParallel = 1;
				LastUpgradeCheck = 1600;
				TargetAttributes = {
					8C91952AF1CB4516AF5E8CED = {
						CreatedOnToolsVersion = 16.0;
					};
				};
			};
			buildConfigurationList = 4BB4058894B543CFA87BB02D /* Build configuration list for PBXProject "VoltLink" */;
			compatibilityVersion = "Xcode 14.0";
			developmentRegion = en;
			hasScannedForEncodings = 0;
			knownRegions = (
				en,
				Base,
			);
			mainGroup = 91383959C7DD461E999DCC2D /* Main */;
			productRefGroup = E8C9C074A06C4B018D96859D /* Products */;
			projectDirPath = "";
			projectRoot = "";
			targets = (
				8C91952AF1CB4516AF5E8CED /* VoltLink */,
			);
		};
/* End PBXProject section */

/* Begin PBXResourcesBuildPhase section */
		436F7028261047199F9ED8FC /* Resources */ = {
			isa = PBXResourcesBuildPhase;
			buildActionMask = 2147483647;
			files = (
				F70C4AB099814F8FBBEB8EE2 /* Mini_MiniCooperSE.json in Resources */,
				5B7730FA339A4FA69C9291D3 /* aiways_u5.json in Resources */,
				40DE9523B7E04728909D7D3A /* byd_atto3.json in Resources */,
				8E091C0D7E7C406E93C63CE2 /* deepal_s05_deepal_s05_abrp_submit_candidate___Clean.json in Resources */,
				B3E101D8028D40A0AF89A210 /* ford_MachE.json in Resources */,
				A70802BDADD94A8DB15E4F66 /* gmc_bolt17.json in Resources */,
				0BA9C6342FCF4E44A3C4E90B /* gmc_bolt19.json in Resources */,
				80F295E04D744D4B87CD0408 /* hkmc_Ioniq5.json in Resources */,
				4065271B47A14BA9985057EE /* hkmc_hkmc2017.json in Resources */,
				A796C92EFFB74BA996BEA295 /* hkmc_hkmc2019.json in Resources */,
				8B2DF89BC33C4C1EABE85DB6 /* honda_eny1.json in Resources */,
				56356B9CB2FD4D28BFA855A6 /* jaguar_ipace2019.json in Resources */,
				B7061A1FE0704C40A5B99187 /* jaguar_ipace2021.json in Resources */,
				9999E40083674164BB81A85E /* mg_mgzsev.json in Resources */,
				2A048977C01A45E588BFDF91 /* obdble_cars.json in Resources */,
				E8C64FD3DAD8413E9412F165 /* renault_zoe.json in Resources */,
				031A8A0ADA004E5B9044A4D1 /* renault_zoe2.json in Resources */,
				ACDA1149E88C4548B15EDE1A /* volkswagen_MEB.json in Resources */,
				A9DF0AD250234A888F8B8295 /* volkswagen_eGolf.json in Resources */,
				5394A4BCC1394845A6F0AF48 /* volkswagen_eUP.json in Resources */,
				06D9876159414FA6BF0BF742 /* dtc_definitions.json in Resources */,
				A503434067D54B10ADFF97A0 /* vehicle_catalog.json in Resources */,
				DCEA370DF9184C61849F25B4 /* Assets.xcassets in Resources */
			);
			runOnlyForDeploymentPostprocessing = 0;
		};
/* End PBXResourcesBuildPhase section */

/* Begin PBXSourcesBuildPhase section */
		87EBF80C78C6489FB5BD835E /* Sources */ = {
			isa = PBXSourcesBuildPhase;
			buildActionMask = 2147483647;
			files = (
				C66B99C5CDB141628F82DC5F /* AppEnvironment.swift in Sources */,
				FDBAD1513297480E8E351CF2 /* VoltLinkApp.swift in Sources */,
				4C6D27B7FAB3485FA56E028D /* CarPlayLayoutStore.swift in Sources */,
				A934AC213636490891BAEA0E /* CarPlaySceneDelegate.swift in Sources */,
				2903F03E974846748FB842D9 /* BLEConstants.swift in Sources */,
				CA23A9A339654845AE177C8C /* BluetoothManager.swift in Sources */,
				B530A592BBA54247B93518F6 /* MockDrivingSimulation.swift in Sources */,
				8A93CB40694D4A1382C810D5 /* MockOBDAdapter.swift in Sources */,
				B607FBF54F1B4E2080A7DF5A /* TripLocationManager.swift in Sources */,
				FBCF4EF7F542476F9634DA1F /* DTCCode.swift in Sources */,
				C6132DCDE5EF406BAABDCCED /* ISO15765Parser.swift in Sources */,
				A095780CE3584E9EADE8619C /* OBDConnectionProtocol.swift in Sources */,
				199F05AB6D9642F3870A6B9F /* ChargingSessionTracker.swift in Sources */,
				323EA075D7D04380AEA40A78 /* TelemetryMetric.swift in Sources */,
				BF2D6CFB61AE432888337061 /* ABRPProfileLoader.swift in Sources */,
				695E09CE81BD4BFD8D05B775 /* GenericEVProfile.swift in Sources */,
				7D42E496679C4045A12F2CAB /* GenericOBD2Profile.swift in Sources */,
				B2F76677E1E942C09B638750 /* HyundaiKiaEGMPProfile.swift in Sources */,
				B9A48F61BEC64CC095AFF1FB /* MercedesEQA250Profile.swift in Sources */,
				A391F972ADED4840BA274644 /* NissanLeafZE1Profile.swift in Sources */,
				521368B2B0584372AFF3FC60 /* VehicleCatalog.swift in Sources */,
				D66A05BE8DAC4442A75C3FB9 /* VehicleProfile.swift in Sources */,
				299F05BAA96B4FB9B04FC237 /* VehicleProfileRegistry.swift in Sources */,
				4E406C893D1F45B3B2C10203 /* VolkswagenMEBProfile.swift in Sources */,
				1A86D0B1F9A84EFF92FE9B74 /* ChargingSessionModel.swift in Sources */,
				6D7129D237B44C38A9622893 /* TripModel.swift in Sources */,
				9AED1DFC544E4BD18A259833 /* DTCLocalDatabase.swift in Sources */,
				C07F06453C26424C90F10B14 /* AILogAnalyzer.swift in Sources */,
				D8271177338E47E6B320C7F3 /* DTCScannerService.swift in Sources */,
				46A8A25A299F481C97F751A0 /* TripTrackingManager.swift in Sources */,
				1012FD3B6D7844AEBB90BE40 /* VehicleDataManager.swift in Sources */,
				B7E23342D9D34D9CB196AA41 /* ChargingLiveView.swift in Sources */,
				2EA92A41D30A4165B3F65321 /* DashboardCustomizationSheet.swift in Sources */,
				65F6333E85924631B0BE1FBA /* DashboardView.swift in Sources */,
				B2F6AE010D7141E1B52D5730 /* DashboardWidgetConfig.swift in Sources */,
				21B9A560B87B4F6E885B97DB /* DashboardWidgetTile.swift in Sources */,
				370837327A10405D88296812 /* HUDModeView.swift in Sources */,
				92CB2E15B9C34554AA94F352 /* LiveTelemetryChartView.swift in Sources */,
				4AED13BADD1D4F55B5CC97A4 /* DemoControlSheet.swift in Sources */,
				0298814DE9CA4A0AAF9536A0 /* BatteryLevelBar.swift in Sources */,
				45A1039DC64B424B954F1DE6 /* CircularPowerGauge.swift in Sources */,
				003B879CE764481DB514D857 /* MetricBarView.swift in Sources */,
				A6055FC961E84948B4BD67B0 /* MetricDialView.swift in Sources */,
				6A41A7E1A2DC4947ACAF826F /* MetricNumericTileView.swift in Sources */,
				E4D0B717CB394033AE09C6F6 /* SpeedometerView.swift in Sources */,
				90D46717893041ED8C811AA5 /* FloatingConnectionBanner.swift in Sources */,
				51A39A9648E34028A6F65AF5 /* Theme.swift in Sources */,
				7D079E47FD954B32A12E332B /* DiagnosticsView.swift in Sources */,
				7BCD3DA0E6934F1699D5C076 /* CarPlayTileEditorView.swift in Sources */,
				91D226D9361645BE8C973514 /* OBDTerminalView.swift in Sources */,
				B764253069FE4F8EBE55DF3E /* SettingsView.swift in Sources */,
				48EF960AA1C04E90B9E11D24 /* VehicleProfilePickerSheet.swift in Sources */,
				3FF70F92BF5442AB9F12E93B /* TripDetailView.swift in Sources */,
				52FFC242B2BC489A89C0F2D6 /* TripHistoryView.swift in Sources */,
				331A41DF36E04F3ABBA8C939 /* ActivityAttributes.swift in Sources */
			);
			runOnlyForDeploymentPostprocessing = 0;
		};
/* End PBXSourcesBuildPhase section */

/* Begin XCBuildConfiguration section */
		5B529BE4ACE14728B09A949D /* Debug */ = {
			isa = XCBuildConfiguration;
			buildSettings = {
				ALWAYS_SEARCH_USER_PATHS = NO;
				CLANG_ENABLE_MODULES = YES;
				CURRENT_PROJECT_VERSION = 1;
				ENABLE_PREVIEWS = YES;
				GENERATE_INFOPLIST_FILE = YES;
				INFOPLIST_KEY_UIApplicationSceneManifest_Generation = NO;
				INFOPLIST_KEY_UILaunchScreen_Generation = YES;
				IPHONEOS_DEPLOYMENT_TARGET = 17.0;
				MARKETING_VERSION = 1.0;
				PRODUCT_BUNDLE_IDENTIFIER = "com.simonkaring.voltlink";
				PRODUCT_NAME = "$(TARGET_NAME)";
				SDKROOT = iphoneos;
				SWIFT_VERSION = 5.0;
				TARGETED_DEVICE_FAMILY = "1,2";
			};
			name = Debug;
		};
		94BB0C91070743A6AB8564DB /* Release */ = {
			isa = XCBuildConfiguration;
			buildSettings = {
				ALWAYS_SEARCH_USER_PATHS = NO;
				CLANG_ENABLE_MODULES = YES;
				CURRENT_PROJECT_VERSION = 1;
				ENABLE_PREVIEWS = YES;
				GENERATE_INFOPLIST_FILE = YES;
				INFOPLIST_KEY_UIApplicationSceneManifest_Generation = NO;
				INFOPLIST_KEY_UILaunchScreen_Generation = YES;
				IPHONEOS_DEPLOYMENT_TARGET = 17.0;
				MARKETING_VERSION = 1.0;
				PRODUCT_BUNDLE_IDENTIFIER = "com.simonkaring.voltlink";
				PRODUCT_NAME = "$(TARGET_NAME)";
				SDKROOT = iphoneos;
				SWIFT_VERSION = 5.0;
				TARGETED_DEVICE_FAMILY = "1,2";
			};
			name = Release;
		};
		0A2A7B7174E4417E8F27B456 /* Debug */ = {
			isa = XCBuildConfiguration;
			buildSettings = {
				ASSETCATALOG_COMPILER_APPICON_NAME = AppIcon;
				ASSETCATALOG_COMPILER_GLOBAL_ACCENT_COLOR_NAME = AccentColor;
				CODE_SIGN_ENTITLEMENTS = App/VoltLink.entitlements;
				CODE_SIGN_STYLE = Automatic;
				CURRENT_PROJECT_VERSION = 1;
				INFOPLIST_FILE = App/Info.plist;
				LD_RUNPATH_SEARCH_PATHS = (
					"$(inherited)",
					"@executable_path/Frameworks",
				);
				MARKETING_VERSION = 1.0;
				PRODUCT_BUNDLE_IDENTIFIER = "com.simonkaring.voltlink";
				PRODUCT_NAME = "$(TARGET_NAME)";
				SWIFT_EMIT_LOC_STRINGS = YES;
				SWIFT_VERSION = 5.0;
				TARGETED_DEVICE_FAMILY = "1,2";
			};
			name = Debug;
		};
		612C716E44AD4EB7963AE665 /* Release */ = {
			isa = XCBuildConfiguration;
			buildSettings = {
				ASSETCATALOG_COMPILER_APPICON_NAME = AppIcon;
				ASSETCATALOG_COMPILER_GLOBAL_ACCENT_COLOR_NAME = AccentColor;
				CODE_SIGN_ENTITLEMENTS = App/VoltLink.entitlements;
				CODE_SIGN_STYLE = Automatic;
				CURRENT_PROJECT_VERSION = 1;
				INFOPLIST_FILE = App/Info.plist;
				LD_RUNPATH_SEARCH_PATHS = (
					"$(inherited)",
					"@executable_path/Frameworks",
				);
				MARKETING_VERSION = 1.0;
				PRODUCT_BUNDLE_IDENTIFIER = "com.simonkaring.voltlink";
				PRODUCT_NAME = "$(TARGET_NAME)";
				SWIFT_EMIT_LOC_STRINGS = YES;
				SWIFT_VERSION = 5.0;
				TARGETED_DEVICE_FAMILY = "1,2";
			};
			name = Release;
		};
/* End XCBuildConfiguration section */

/* Begin XCConfigurationList section */
		4BB4058894B543CFA87BB02D /* Build configuration list for PBXProject "VoltLink" */ = {
			isa = XCConfigurationList;
			buildConfigurations = (
				5B529BE4ACE14728B09A949D /* Debug */,
				94BB0C91070743A6AB8564DB /* Release */,
			);
			defaultConfigurationIsVisible = 0;
			defaultConfigurationName = Release;
		};
		017281EF2C8446B8AC06D33D /* Build configuration list for PBXNativeTarget "VoltLink" */ = {
			isa = XCConfigurationList;
			buildConfigurations = (
				0A2A7B7174E4417E8F27B456 /* Debug */,
				612C716E44AD4EB7963AE665 /* Release */,
			);
			defaultConfigurationIsVisible = 0;
			defaultConfigurationName = Release;
		};
/* End XCConfigurationList section */
	};
	rootObject = CB7A3D652DE04196AC4DEAE1 /* Project Object */;
}
