// !$*UTF8*$!
{
	archiveVersion = 1;
	classes = {
	};
	objectVersion = 56;
	objects = {

/* Begin PBXBuildFile section */
		EBEB231AF6F14EA88EE306F9 /* AppEnvironment.swift in Sources */ = {isa = PBXBuildFile; fileRef = C36EE4AB87F6403FBF800940 /* AppEnvironment.swift */; };
		3EBE48961E8443B6973B9903 /* VoltLinkApp.swift in Sources */ = {isa = PBXBuildFile; fileRef = 773DDB07C2384F03B7209674 /* VoltLinkApp.swift */; };
		073A5A66911A4956A1C74EA2 /* CarPlayLayoutStore.swift in Sources */ = {isa = PBXBuildFile; fileRef = BE8426E8B40A4A9B97F43BC5 /* CarPlayLayoutStore.swift */; };
		260A018A26F549A08C78E4CF /* CarPlaySceneDelegate.swift in Sources */ = {isa = PBXBuildFile; fileRef = 9019D4253F144D6ABA30442D /* CarPlaySceneDelegate.swift */; };
		5E27E79E77B547B9A715131E /* BLEConstants.swift in Sources */ = {isa = PBXBuildFile; fileRef = 7B714EC3BA984F2BB38E3634 /* BLEConstants.swift */; };
		94A6C9B0E2EC4898AFE6A69D /* BluetoothManager.swift in Sources */ = {isa = PBXBuildFile; fileRef = 7D757F2B3B724FCFAEB753DF /* BluetoothManager.swift */; };
		4EE39FE598094F2981711F98 /* MockDrivingSimulation.swift in Sources */ = {isa = PBXBuildFile; fileRef = 190FC64A8CC146AEA76F20D8 /* MockDrivingSimulation.swift */; };
		9E6C5F75044A4B1B94B7E721 /* MockOBDAdapter.swift in Sources */ = {isa = PBXBuildFile; fileRef = 037622B406BE4A128DB07D4D /* MockOBDAdapter.swift */; };
		F52CDDC2F6A64B3FB1EEC13C /* TripLocationManager.swift in Sources */ = {isa = PBXBuildFile; fileRef = C72D3BEC677C40FF93659AB9 /* TripLocationManager.swift */; };
		B599D4BE3B0D41BCA3A9C10A /* DTCCode.swift in Sources */ = {isa = PBXBuildFile; fileRef = E6CEA4E2BE0E4EB5BD9AF7E8 /* DTCCode.swift */; };
		1AC58F09D38D4E89B85F8E1F /* ISO15765Parser.swift in Sources */ = {isa = PBXBuildFile; fileRef = E13688E34EB44F8282ACCB77 /* ISO15765Parser.swift */; };
		A4D9D32DEE4247AEAE3B21E2 /* OBDConnectionProtocol.swift in Sources */ = {isa = PBXBuildFile; fileRef = 8207011B7CBD49B997BED4E9 /* OBDConnectionProtocol.swift */; };
		0609359EEEB34D77AB13E584 /* ChargingSessionTracker.swift in Sources */ = {isa = PBXBuildFile; fileRef = 0A326359EA924540B87A4383 /* ChargingSessionTracker.swift */; };
		099049DCA33B4C79BD61B7F2 /* TelemetryMetric.swift in Sources */ = {isa = PBXBuildFile; fileRef = C45F53C837D849CD8C04BCC3 /* TelemetryMetric.swift */; };
		C9C89C3DD9F842919984FF09 /* ABRPProfileLoader.swift in Sources */ = {isa = PBXBuildFile; fileRef = 800B3B73B8FB4FC1A0967CB6 /* ABRPProfileLoader.swift */; };
		4FDCAB936A0945B192BB6DDF /* GenericEVProfile.swift in Sources */ = {isa = PBXBuildFile; fileRef = C2C2A8CC17164544B52B2DE2 /* GenericEVProfile.swift */; };
		79806E7148604242AA41EC24 /* GenericOBD2Profile.swift in Sources */ = {isa = PBXBuildFile; fileRef = 4412E04BF43B4560A73BF4AD /* GenericOBD2Profile.swift */; };
		E3B9577794CE4CCA81326172 /* HyundaiKiaEGMPProfile.swift in Sources */ = {isa = PBXBuildFile; fileRef = 13F775D8D0314BD484C444D5 /* HyundaiKiaEGMPProfile.swift */; };
		71024E761B6446369208D20E /* MercedesEQA250Profile.swift in Sources */ = {isa = PBXBuildFile; fileRef = AEECD9375FAE4BBC958ED3E0 /* MercedesEQA250Profile.swift */; };
		DCE22368F0D04A00BFF10799 /* MercedesEQAOBDbProfile.swift in Sources */ = {isa = PBXBuildFile; fileRef = 31A722A8DBD343E0B374D355 /* MercedesEQAOBDbProfile.swift */; };
		A3939BBDB63E45D4801551CA /* NissanLeafZE1Profile.swift in Sources */ = {isa = PBXBuildFile; fileRef = 8C8BBD2CAC8F4FB5B728CD5E /* NissanLeafZE1Profile.swift */; };
		0FB048A5BC514E2595CF685B /* VehicleCatalog.swift in Sources */ = {isa = PBXBuildFile; fileRef = 41B0507C6A7C40908370B76C /* VehicleCatalog.swift */; };
		8025A948454C431FB73DB649 /* VehicleProfile.swift in Sources */ = {isa = PBXBuildFile; fileRef = A8F1BE92159B48A38D6140AF /* VehicleProfile.swift */; };
		EA2402E5538D42918EEFC441 /* VehicleProfileRegistry.swift in Sources */ = {isa = PBXBuildFile; fileRef = 39AAAD0810BD48BB9D05B09D /* VehicleProfileRegistry.swift */; };
		3278C02E7BCE49E09906EECB /* VolkswagenMEBProfile.swift in Sources */ = {isa = PBXBuildFile; fileRef = 7A17086CA60F4ACAAF4C0F1A /* VolkswagenMEBProfile.swift */; };
		F0D082EC70474C738C19885D /* ChargingSessionModel.swift in Sources */ = {isa = PBXBuildFile; fileRef = 6FB02D1CB14847F29664AEC7 /* ChargingSessionModel.swift */; };
		B3E4BF628689474E8C83F27A /* TripModel.swift in Sources */ = {isa = PBXBuildFile; fileRef = EC2FADD957CE4B688CBD2A3D /* TripModel.swift */; };
		DC368EAF19A54316B6E48695 /* DTCLocalDatabase.swift in Sources */ = {isa = PBXBuildFile; fileRef = E978AF1C1F10443F8D3F54CF /* DTCLocalDatabase.swift */; };
		273C7C87097249FEA0455C82 /* Mini_MiniCooperSE.json in Sources */ = {isa = PBXBuildFile; fileRef = 043BAFDD943540D487537DF0 /* Mini_MiniCooperSE.json */; };
		E79B2580C8E049409424FD81 /* aiways_u5.json in Sources */ = {isa = PBXBuildFile; fileRef = 894E281B4AF9440C830D72BB /* aiways_u5.json */; };
		4A2334CAED1243E0AEB7040B /* bmw_i3.json in Sources */ = {isa = PBXBuildFile; fileRef = 93BC0D41EE254535B81A6A92 /* bmw_i3.json */; };
		144E1E0083C2483384AE6E11 /* byd_atto3.json in Sources */ = {isa = PBXBuildFile; fileRef = AF05D20480114A15B44AA7AA /* byd_atto3.json */; };
		FE72BA1694344FBB8B61C120 /* deepal_s05.json in Sources */ = {isa = PBXBuildFile; fileRef = 593582B01D6B46BFBDCE14A9 /* deepal_s05.json */; };
		FF20FE427887480A8651BDB3 /* deepal_s05_deepal_s05_abrp_submit_candidate___Clean.json in Sources */ = {isa = PBXBuildFile; fileRef = 9EE8B320B6114CF5BF62AE13 /* deepal_s05_deepal_s05_abrp_submit_candidate___Clean.json */; };
		91FE1B9966F94D88B7055F04 /* ford_MachE.json in Sources */ = {isa = PBXBuildFile; fileRef = 2021AAE2D44E460DAD177483 /* ford_MachE.json */; };
		B8AE332DE82D4EC497EF92EC /* gmc_bolt17.json in Sources */ = {isa = PBXBuildFile; fileRef = 594199404AEE4AEA9A01E80B /* gmc_bolt17.json */; };
		CFDD64A96ECC42849CCDDA46 /* gmc_bolt19.json in Sources */ = {isa = PBXBuildFile; fileRef = C60CF9F5BD6747BD87C1F0E5 /* gmc_bolt19.json */; };
		756BB8B4257842288D2B0275 /* hkmc_Ioniq5.json in Sources */ = {isa = PBXBuildFile; fileRef = BA2582B5576F401294DDD710 /* hkmc_Ioniq5.json */; };
		01943EEE9A4B472590480F1A /* hkmc_hkmc2017.json in Sources */ = {isa = PBXBuildFile; fileRef = 1F27F998C04F46EF945171FE /* hkmc_hkmc2017.json */; };
		A49F003E1CD84F1793EC4E75 /* hkmc_hkmc2019.json in Sources */ = {isa = PBXBuildFile; fileRef = 901F03403ABC43A7A5DE495F /* hkmc_hkmc2019.json */; };
		E342E72390AC4E63A329F868 /* honda_eny1.json in Sources */ = {isa = PBXBuildFile; fileRef = FF365E05F5994AF285C11C41 /* honda_eny1.json */; };
		796E173B8A5E40D79ED7CE73 /* jaguar_ipace2019.json in Sources */ = {isa = PBXBuildFile; fileRef = 6F9EEFC942704DDBAC03DA91 /* jaguar_ipace2019.json */; };
		F40F3A2B6E8448FDA16D2ACF /* jaguar_ipace2021.json in Sources */ = {isa = PBXBuildFile; fileRef = 56124A8AF2544C798DA455FA /* jaguar_ipace2021.json */; };
		5A537F1CD42F4FBB960874C2 /* mg_mgzsev.json in Sources */ = {isa = PBXBuildFile; fileRef = A7545E9DA83B4FE58961BA01 /* mg_mgzsev.json */; };
		68AFC610F4854EDE8B9286E2 /* obdble_cars.json in Sources */ = {isa = PBXBuildFile; fileRef = 0C1D1B4F2EEA4F78B636296A /* obdble_cars.json */; };
		9910B29E072F40649172488F /* renault_zoe.json in Sources */ = {isa = PBXBuildFile; fileRef = BAAD20C294F347A5B35D419D /* renault_zoe.json */; };
		7B9500523B8E4B7781121B45 /* renault_zoe2.json in Sources */ = {isa = PBXBuildFile; fileRef = 866E85B44B6C49959D12A53B /* renault_zoe2.json */; };
		D86A415B29D44CBFACEE4BC8 /* volkswagen_MEB.json in Sources */ = {isa = PBXBuildFile; fileRef = 22DB960BA7224986A27D9BA9 /* volkswagen_MEB.json */; };
		1421BF72FB974DEC84280FDA /* volkswagen_eGolf.json in Sources */ = {isa = PBXBuildFile; fileRef = F96CA667F4EA4F5195FBD9CC /* volkswagen_eGolf.json */; };
		69D95BF7423B41B0BC45901D /* volkswagen_eUP.json in Sources */ = {isa = PBXBuildFile; fileRef = FB3B48C340ED4AC781E8A7C3 /* volkswagen_eUP.json */; };
		3A493F8180444BECB689C197 /* dtc_definitions.json in Sources */ = {isa = PBXBuildFile; fileRef = FBA5D67C6BD34C65A3244255 /* dtc_definitions.json */; };
		4EE85FF2DD3C469F8B44AB68 /* vehicle_catalog.json in Sources */ = {isa = PBXBuildFile; fileRef = 483B31FEE06F460D85ACCE45 /* vehicle_catalog.json */; };
		2734BB7BE3294BC0A4528488 /* AILogAnalyzer.swift in Sources */ = {isa = PBXBuildFile; fileRef = 01D169ED3AD94D908F52D027 /* AILogAnalyzer.swift */; };
		03038ABF337F46A99FF81C26 /* ChargingTrackingManager.swift in Sources */ = {isa = PBXBuildFile; fileRef = 7CE6D6F51EE3411DB57CB91D /* ChargingTrackingManager.swift */; };
		93FBBB0ACB5A4528BD52CF18 /* DTCScannerService.swift in Sources */ = {isa = PBXBuildFile; fileRef = A5C3139D8A1D4C0C80BA8E1F /* DTCScannerService.swift */; };
		72E816545DA043EEA5F2014C /* TripTrackingManager.swift in Sources */ = {isa = PBXBuildFile; fileRef = 25597ABFB3D44388979A095A /* TripTrackingManager.swift */; };
		27BEE4B7D9CA4136BC2B3DFE /* VehicleDataManager.swift in Sources */ = {isa = PBXBuildFile; fileRef = 19F954CC68B043169E6FD1F8 /* VehicleDataManager.swift */; };
		B76DEE4A51A747E9A8921E92 /* ChargingLiveView.swift in Sources */ = {isa = PBXBuildFile; fileRef = 6C772CFC199043E5A4D6DAFF /* ChargingLiveView.swift */; };
		BA722BB2677D41F5824EEF14 /* ChargingSessionDetailView.swift in Sources */ = {isa = PBXBuildFile; fileRef = 66D613CE054A4989929F2C9A /* ChargingSessionDetailView.swift */; };
		F6C1C85D18454A9E8E4E2117 /* DashboardCustomizationSheet.swift in Sources */ = {isa = PBXBuildFile; fileRef = 7833013BF9E34C1EBB15B801 /* DashboardCustomizationSheet.swift */; };
		8C8039EFEC634C0BA302626D /* DashboardView.swift in Sources */ = {isa = PBXBuildFile; fileRef = C143F6B4DB46424D8294FED7 /* DashboardView.swift */; };
		15CA0FB8DB804693BBC09CAA /* DashboardWidgetConfig.swift in Sources */ = {isa = PBXBuildFile; fileRef = 8ABEC09FC5694F2FBF38716F /* DashboardWidgetConfig.swift */; };
		BC29A4D85FC449898D3C0153 /* DashboardWidgetTile.swift in Sources */ = {isa = PBXBuildFile; fileRef = C63A388CC9F64E75AEFCCFC7 /* DashboardWidgetTile.swift */; };
		A1525A15582848018FAB3C42 /* HUDModeView.swift in Sources */ = {isa = PBXBuildFile; fileRef = 884347BA345C47ED9D555862 /* HUDModeView.swift */; };
		662F10CCE7084AEEB879AB8C /* LiveTelemetryChartView.swift in Sources */ = {isa = PBXBuildFile; fileRef = 0A0BD9475824419DA7A1B6C3 /* LiveTelemetryChartView.swift */; };
		4D6ED65D4503498D9D6E1CBD /* BatteryLevelBar.swift in Sources */ = {isa = PBXBuildFile; fileRef = 7263046A36DE4C42B97044F2 /* BatteryLevelBar.swift */; };
		FA1ECFFD38BB4FAC97959499 /* MetricBarView.swift in Sources */ = {isa = PBXBuildFile; fileRef = BCA2AB68B9F24B4F946D1B29 /* MetricBarView.swift */; };
		898C01F135EC4122A7AB5266 /* MetricDialView.swift in Sources */ = {isa = PBXBuildFile; fileRef = 46BA34FE0C4A4F4E930ACE90 /* MetricDialView.swift */; };
		7A1E7FF267894093B15F75E5 /* MetricNumericTileView.swift in Sources */ = {isa = PBXBuildFile; fileRef = D62FED78742F4864B5A039F4 /* MetricNumericTileView.swift */; };
		4891586F94214C708AAEDBFC /* FloatingConnectionBanner.swift in Sources */ = {isa = PBXBuildFile; fileRef = 8FC6E9FC904E4ADB93777DF6 /* FloatingConnectionBanner.swift */; };
		E5C754CA58654FD893DC9F34 /* Theme.swift in Sources */ = {isa = PBXBuildFile; fileRef = 31F1B6480DB04D6F9B9D18CF /* Theme.swift */; };
		68713E05D8D44780B519DC23 /* DiagnosticsView.swift in Sources */ = {isa = PBXBuildFile; fileRef = 0204B45F108040AEBA6E069F /* DiagnosticsView.swift */; };
		3040B7CE39E545D88F963B6B /* CarPlayTileEditorView.swift in Sources */ = {isa = PBXBuildFile; fileRef = DAAEE6ADB9454E06934C7E3D /* CarPlayTileEditorView.swift */; };
		325F9DE03D374E5FB480A2C9 /* OBDTerminalView.swift in Sources */ = {isa = PBXBuildFile; fileRef = DF5C470039A74373BA6F1014 /* OBDTerminalView.swift */; };
		7B4C78B4378F41B7AA22337F /* ProfileMetricStatusView.swift in Sources */ = {isa = PBXBuildFile; fileRef = 7A7D626735D245F5B778BB68 /* ProfileMetricStatusView.swift */; };
		8163245D904E4480890BE107 /* SettingsView.swift in Sources */ = {isa = PBXBuildFile; fileRef = B46F9DEF3CA74FB09C0B79C0 /* SettingsView.swift */; };
		1F8A8226958D4FE194AF6873 /* VehicleProfilePickerSheet.swift in Sources */ = {isa = PBXBuildFile; fileRef = 059143AF89EB4DEA95B1D6A7 /* VehicleProfilePickerSheet.swift */; };
		0122C2C87B5A41129B364E0E /* TripDetailView.swift in Sources */ = {isa = PBXBuildFile; fileRef = FF603D0A4EA54F558E6E91D4 /* TripDetailView.swift */; };
		CDD457ED20664AC1989F19F9 /* TripHistoryView.swift in Sources */ = {isa = PBXBuildFile; fileRef = D5EAA3DDBB67400A82246E45 /* TripHistoryView.swift */; };
		C1D8AFB8C93B4744BB9425E7 /* Assets.xcassets in Resources */ = {isa = PBXBuildFile; fileRef = 3685CAAE7FC8452CAABB5144 /* Assets.xcassets */; };
/* End PBXBuildFile section */

/* Begin PBXFileReference section */
		C36EE4AB87F6403FBF800940 /* AppEnvironment.swift */ = {isa = PBXFileReference; lastKnownFileType = sourcecode.swift; path = "AppEnvironment.swift"; sourceTree = "<group>"; };
		773DDB07C2384F03B7209674 /* VoltLinkApp.swift */ = {isa = PBXFileReference; lastKnownFileType = sourcecode.swift; path = "VoltLinkApp.swift"; sourceTree = "<group>"; };
		BE8426E8B40A4A9B97F43BC5 /* CarPlayLayoutStore.swift */ = {isa = PBXFileReference; lastKnownFileType = sourcecode.swift; path = "CarPlayLayoutStore.swift"; sourceTree = "<group>"; };
		9019D4253F144D6ABA30442D /* CarPlaySceneDelegate.swift */ = {isa = PBXFileReference; lastKnownFileType = sourcecode.swift; path = "CarPlaySceneDelegate.swift"; sourceTree = "<group>"; };
		7B714EC3BA984F2BB38E3634 /* BLEConstants.swift */ = {isa = PBXFileReference; lastKnownFileType = sourcecode.swift; path = "BLEConstants.swift"; sourceTree = "<group>"; };
		7D757F2B3B724FCFAEB753DF /* BluetoothManager.swift */ = {isa = PBXFileReference; lastKnownFileType = sourcecode.swift; path = "BluetoothManager.swift"; sourceTree = "<group>"; };
		190FC64A8CC146AEA76F20D8 /* MockDrivingSimulation.swift */ = {isa = PBXFileReference; lastKnownFileType = sourcecode.swift; path = "MockDrivingSimulation.swift"; sourceTree = "<group>"; };
		037622B406BE4A128DB07D4D /* MockOBDAdapter.swift */ = {isa = PBXFileReference; lastKnownFileType = sourcecode.swift; path = "MockOBDAdapter.swift"; sourceTree = "<group>"; };
		C72D3BEC677C40FF93659AB9 /* TripLocationManager.swift */ = {isa = PBXFileReference; lastKnownFileType = sourcecode.swift; path = "TripLocationManager.swift"; sourceTree = "<group>"; };
		E6CEA4E2BE0E4EB5BD9AF7E8 /* DTCCode.swift */ = {isa = PBXFileReference; lastKnownFileType = sourcecode.swift; path = "DTCCode.swift"; sourceTree = "<group>"; };
		E13688E34EB44F8282ACCB77 /* ISO15765Parser.swift */ = {isa = PBXFileReference; lastKnownFileType = sourcecode.swift; path = "ISO15765Parser.swift"; sourceTree = "<group>"; };
		8207011B7CBD49B997BED4E9 /* OBDConnectionProtocol.swift */ = {isa = PBXFileReference; lastKnownFileType = sourcecode.swift; path = "OBDConnectionProtocol.swift"; sourceTree = "<group>"; };
		0A326359EA924540B87A4383 /* ChargingSessionTracker.swift */ = {isa = PBXFileReference; lastKnownFileType = sourcecode.swift; path = "ChargingSessionTracker.swift"; sourceTree = "<group>"; };
		C45F53C837D849CD8C04BCC3 /* TelemetryMetric.swift */ = {isa = PBXFileReference; lastKnownFileType = sourcecode.swift; path = "TelemetryMetric.swift"; sourceTree = "<group>"; };
		800B3B73B8FB4FC1A0967CB6 /* ABRPProfileLoader.swift */ = {isa = PBXFileReference; lastKnownFileType = sourcecode.swift; path = "ABRPProfileLoader.swift"; sourceTree = "<group>"; };
		C2C2A8CC17164544B52B2DE2 /* GenericEVProfile.swift */ = {isa = PBXFileReference; lastKnownFileType = sourcecode.swift; path = "GenericEVProfile.swift"; sourceTree = "<group>"; };
		4412E04BF43B4560A73BF4AD /* GenericOBD2Profile.swift */ = {isa = PBXFileReference; lastKnownFileType = sourcecode.swift; path = "GenericOBD2Profile.swift"; sourceTree = "<group>"; };
		13F775D8D0314BD484C444D5 /* HyundaiKiaEGMPProfile.swift */ = {isa = PBXFileReference; lastKnownFileType = sourcecode.swift; path = "HyundaiKiaEGMPProfile.swift"; sourceTree = "<group>"; };
		AEECD9375FAE4BBC958ED3E0 /* MercedesEQA250Profile.swift */ = {isa = PBXFileReference; lastKnownFileType = sourcecode.swift; path = "MercedesEQA250Profile.swift"; sourceTree = "<group>"; };
		31A722A8DBD343E0B374D355 /* MercedesEQAOBDbProfile.swift */ = {isa = PBXFileReference; lastKnownFileType = sourcecode.swift; path = "MercedesEQAOBDbProfile.swift"; sourceTree = "<group>"; };
		8C8BBD2CAC8F4FB5B728CD5E /* NissanLeafZE1Profile.swift */ = {isa = PBXFileReference; lastKnownFileType = sourcecode.swift; path = "NissanLeafZE1Profile.swift"; sourceTree = "<group>"; };
		41B0507C6A7C40908370B76C /* VehicleCatalog.swift */ = {isa = PBXFileReference; lastKnownFileType = sourcecode.swift; path = "VehicleCatalog.swift"; sourceTree = "<group>"; };
		A8F1BE92159B48A38D6140AF /* VehicleProfile.swift */ = {isa = PBXFileReference; lastKnownFileType = sourcecode.swift; path = "VehicleProfile.swift"; sourceTree = "<group>"; };
		39AAAD0810BD48BB9D05B09D /* VehicleProfileRegistry.swift */ = {isa = PBXFileReference; lastKnownFileType = sourcecode.swift; path = "VehicleProfileRegistry.swift"; sourceTree = "<group>"; };
		7A17086CA60F4ACAAF4C0F1A /* VolkswagenMEBProfile.swift */ = {isa = PBXFileReference; lastKnownFileType = sourcecode.swift; path = "VolkswagenMEBProfile.swift"; sourceTree = "<group>"; };
		6FB02D1CB14847F29664AEC7 /* ChargingSessionModel.swift */ = {isa = PBXFileReference; lastKnownFileType = sourcecode.swift; path = "ChargingSessionModel.swift"; sourceTree = "<group>"; };
		EC2FADD957CE4B688CBD2A3D /* TripModel.swift */ = {isa = PBXFileReference; lastKnownFileType = sourcecode.swift; path = "TripModel.swift"; sourceTree = "<group>"; };
		E978AF1C1F10443F8D3F54CF /* DTCLocalDatabase.swift */ = {isa = PBXFileReference; lastKnownFileType = sourcecode.swift; path = "DTCLocalDatabase.swift"; sourceTree = "<group>"; };
		043BAFDD943540D487537DF0 /* Mini_MiniCooperSE.json */ = {isa = PBXFileReference; lastKnownFileType = text.json; path = "Mini_MiniCooperSE.json"; sourceTree = "<group>"; };
		894E281B4AF9440C830D72BB /* aiways_u5.json */ = {isa = PBXFileReference; lastKnownFileType = text.json; path = "aiways_u5.json"; sourceTree = "<group>"; };
		93BC0D41EE254535B81A6A92 /* bmw_i3.json */ = {isa = PBXFileReference; lastKnownFileType = text.json; path = "bmw_i3.json"; sourceTree = "<group>"; };
		AF05D20480114A15B44AA7AA /* byd_atto3.json */ = {isa = PBXFileReference; lastKnownFileType = text.json; path = "byd_atto3.json"; sourceTree = "<group>"; };
		593582B01D6B46BFBDCE14A9 /* deepal_s05.json */ = {isa = PBXFileReference; lastKnownFileType = text.json; path = "deepal_s05.json"; sourceTree = "<group>"; };
		9EE8B320B6114CF5BF62AE13 /* deepal_s05_deepal_s05_abrp_submit_candidate___Clean.json */ = {isa = PBXFileReference; lastKnownFileType = text.json; path = "deepal_s05_deepal_s05_abrp_submit_candidate___Clean.json"; sourceTree = "<group>"; };
		2021AAE2D44E460DAD177483 /* ford_MachE.json */ = {isa = PBXFileReference; lastKnownFileType = text.json; path = "ford_MachE.json"; sourceTree = "<group>"; };
		594199404AEE4AEA9A01E80B /* gmc_bolt17.json */ = {isa = PBXFileReference; lastKnownFileType = text.json; path = "gmc_bolt17.json"; sourceTree = "<group>"; };
		C60CF9F5BD6747BD87C1F0E5 /* gmc_bolt19.json */ = {isa = PBXFileReference; lastKnownFileType = text.json; path = "gmc_bolt19.json"; sourceTree = "<group>"; };
		BA2582B5576F401294DDD710 /* hkmc_Ioniq5.json */ = {isa = PBXFileReference; lastKnownFileType = text.json; path = "hkmc_Ioniq5.json"; sourceTree = "<group>"; };
		1F27F998C04F46EF945171FE /* hkmc_hkmc2017.json */ = {isa = PBXFileReference; lastKnownFileType = text.json; path = "hkmc_hkmc2017.json"; sourceTree = "<group>"; };
		901F03403ABC43A7A5DE495F /* hkmc_hkmc2019.json */ = {isa = PBXFileReference; lastKnownFileType = text.json; path = "hkmc_hkmc2019.json"; sourceTree = "<group>"; };
		FF365E05F5994AF285C11C41 /* honda_eny1.json */ = {isa = PBXFileReference; lastKnownFileType = text.json; path = "honda_eny1.json"; sourceTree = "<group>"; };
		6F9EEFC942704DDBAC03DA91 /* jaguar_ipace2019.json */ = {isa = PBXFileReference; lastKnownFileType = text.json; path = "jaguar_ipace2019.json"; sourceTree = "<group>"; };
		56124A8AF2544C798DA455FA /* jaguar_ipace2021.json */ = {isa = PBXFileReference; lastKnownFileType = text.json; path = "jaguar_ipace2021.json"; sourceTree = "<group>"; };
		A7545E9DA83B4FE58961BA01 /* mg_mgzsev.json */ = {isa = PBXFileReference; lastKnownFileType = text.json; path = "mg_mgzsev.json"; sourceTree = "<group>"; };
		0C1D1B4F2EEA4F78B636296A /* obdble_cars.json */ = {isa = PBXFileReference; lastKnownFileType = text.json; path = "obdble_cars.json"; sourceTree = "<group>"; };
		BAAD20C294F347A5B35D419D /* renault_zoe.json */ = {isa = PBXFileReference; lastKnownFileType = text.json; path = "renault_zoe.json"; sourceTree = "<group>"; };
		866E85B44B6C49959D12A53B /* renault_zoe2.json */ = {isa = PBXFileReference; lastKnownFileType = text.json; path = "renault_zoe2.json"; sourceTree = "<group>"; };
		22DB960BA7224986A27D9BA9 /* volkswagen_MEB.json */ = {isa = PBXFileReference; lastKnownFileType = text.json; path = "volkswagen_MEB.json"; sourceTree = "<group>"; };
		F96CA667F4EA4F5195FBD9CC /* volkswagen_eGolf.json */ = {isa = PBXFileReference; lastKnownFileType = text.json; path = "volkswagen_eGolf.json"; sourceTree = "<group>"; };
		FB3B48C340ED4AC781E8A7C3 /* volkswagen_eUP.json */ = {isa = PBXFileReference; lastKnownFileType = text.json; path = "volkswagen_eUP.json"; sourceTree = "<group>"; };
		FBA5D67C6BD34C65A3244255 /* dtc_definitions.json */ = {isa = PBXFileReference; lastKnownFileType = text.json; path = "dtc_definitions.json"; sourceTree = "<group>"; };
		483B31FEE06F460D85ACCE45 /* vehicle_catalog.json */ = {isa = PBXFileReference; lastKnownFileType = text.json; path = "vehicle_catalog.json"; sourceTree = "<group>"; };
		01D169ED3AD94D908F52D027 /* AILogAnalyzer.swift */ = {isa = PBXFileReference; lastKnownFileType = sourcecode.swift; path = "AILogAnalyzer.swift"; sourceTree = "<group>"; };
		7CE6D6F51EE3411DB57CB91D /* ChargingTrackingManager.swift */ = {isa = PBXFileReference; lastKnownFileType = sourcecode.swift; path = "ChargingTrackingManager.swift"; sourceTree = "<group>"; };
		A5C3139D8A1D4C0C80BA8E1F /* DTCScannerService.swift */ = {isa = PBXFileReference; lastKnownFileType = sourcecode.swift; path = "DTCScannerService.swift"; sourceTree = "<group>"; };
		25597ABFB3D44388979A095A /* TripTrackingManager.swift */ = {isa = PBXFileReference; lastKnownFileType = sourcecode.swift; path = "TripTrackingManager.swift"; sourceTree = "<group>"; };
		19F954CC68B043169E6FD1F8 /* VehicleDataManager.swift */ = {isa = PBXFileReference; lastKnownFileType = sourcecode.swift; path = "VehicleDataManager.swift"; sourceTree = "<group>"; };
		6C772CFC199043E5A4D6DAFF /* ChargingLiveView.swift */ = {isa = PBXFileReference; lastKnownFileType = sourcecode.swift; path = "ChargingLiveView.swift"; sourceTree = "<group>"; };
		66D613CE054A4989929F2C9A /* ChargingSessionDetailView.swift */ = {isa = PBXFileReference; lastKnownFileType = sourcecode.swift; path = "ChargingSessionDetailView.swift"; sourceTree = "<group>"; };
		7833013BF9E34C1EBB15B801 /* DashboardCustomizationSheet.swift */ = {isa = PBXFileReference; lastKnownFileType = sourcecode.swift; path = "DashboardCustomizationSheet.swift"; sourceTree = "<group>"; };
		C143F6B4DB46424D8294FED7 /* DashboardView.swift */ = {isa = PBXFileReference; lastKnownFileType = sourcecode.swift; path = "DashboardView.swift"; sourceTree = "<group>"; };
		8ABEC09FC5694F2FBF38716F /* DashboardWidgetConfig.swift */ = {isa = PBXFileReference; lastKnownFileType = sourcecode.swift; path = "DashboardWidgetConfig.swift"; sourceTree = "<group>"; };
		C63A388CC9F64E75AEFCCFC7 /* DashboardWidgetTile.swift */ = {isa = PBXFileReference; lastKnownFileType = sourcecode.swift; path = "DashboardWidgetTile.swift"; sourceTree = "<group>"; };
		884347BA345C47ED9D555862 /* HUDModeView.swift */ = {isa = PBXFileReference; lastKnownFileType = sourcecode.swift; path = "HUDModeView.swift"; sourceTree = "<group>"; };
		0A0BD9475824419DA7A1B6C3 /* LiveTelemetryChartView.swift */ = {isa = PBXFileReference; lastKnownFileType = sourcecode.swift; path = "LiveTelemetryChartView.swift"; sourceTree = "<group>"; };
		7263046A36DE4C42B97044F2 /* BatteryLevelBar.swift */ = {isa = PBXFileReference; lastKnownFileType = sourcecode.swift; path = "BatteryLevelBar.swift"; sourceTree = "<group>"; };
		BCA2AB68B9F24B4F946D1B29 /* MetricBarView.swift */ = {isa = PBXFileReference; lastKnownFileType = sourcecode.swift; path = "MetricBarView.swift"; sourceTree = "<group>"; };
		46BA34FE0C4A4F4E930ACE90 /* MetricDialView.swift */ = {isa = PBXFileReference; lastKnownFileType = sourcecode.swift; path = "MetricDialView.swift"; sourceTree = "<group>"; };
		D62FED78742F4864B5A039F4 /* MetricNumericTileView.swift */ = {isa = PBXFileReference; lastKnownFileType = sourcecode.swift; path = "MetricNumericTileView.swift"; sourceTree = "<group>"; };
		8FC6E9FC904E4ADB93777DF6 /* FloatingConnectionBanner.swift */ = {isa = PBXFileReference; lastKnownFileType = sourcecode.swift; path = "FloatingConnectionBanner.swift"; sourceTree = "<group>"; };
		31F1B6480DB04D6F9B9D18CF /* Theme.swift */ = {isa = PBXFileReference; lastKnownFileType = sourcecode.swift; path = "Theme.swift"; sourceTree = "<group>"; };
		0204B45F108040AEBA6E069F /* DiagnosticsView.swift */ = {isa = PBXFileReference; lastKnownFileType = sourcecode.swift; path = "DiagnosticsView.swift"; sourceTree = "<group>"; };
		DAAEE6ADB9454E06934C7E3D /* CarPlayTileEditorView.swift */ = {isa = PBXFileReference; lastKnownFileType = sourcecode.swift; path = "CarPlayTileEditorView.swift"; sourceTree = "<group>"; };
		DF5C470039A74373BA6F1014 /* OBDTerminalView.swift */ = {isa = PBXFileReference; lastKnownFileType = sourcecode.swift; path = "OBDTerminalView.swift"; sourceTree = "<group>"; };
		7A7D626735D245F5B778BB68 /* ProfileMetricStatusView.swift */ = {isa = PBXFileReference; lastKnownFileType = sourcecode.swift; path = "ProfileMetricStatusView.swift"; sourceTree = "<group>"; };
		B46F9DEF3CA74FB09C0B79C0 /* SettingsView.swift */ = {isa = PBXFileReference; lastKnownFileType = sourcecode.swift; path = "SettingsView.swift"; sourceTree = "<group>"; };
		059143AF89EB4DEA95B1D6A7 /* VehicleProfilePickerSheet.swift */ = {isa = PBXFileReference; lastKnownFileType = sourcecode.swift; path = "VehicleProfilePickerSheet.swift"; sourceTree = "<group>"; };
		FF603D0A4EA54F558E6E91D4 /* TripDetailView.swift */ = {isa = PBXFileReference; lastKnownFileType = sourcecode.swift; path = "TripDetailView.swift"; sourceTree = "<group>"; };
		D5EAA3DDBB67400A82246E45 /* TripHistoryView.swift */ = {isa = PBXFileReference; lastKnownFileType = sourcecode.swift; path = "TripHistoryView.swift"; sourceTree = "<group>"; };
		3685CAAE7FC8452CAABB5144 /* Assets.xcassets */ = {isa = PBXFileReference; lastKnownFileType = folder.assetcatalog; path = "Assets.xcassets"; sourceTree = "<group>"; };
		9D7B78ED49B94436AABB1E01 /* VoltLink.app */ = {isa = PBXFileReference; explicitFileType = wrapper.application; includeInIndex = 0; path = VoltLink.app; sourceTree = BUILT_PRODUCTS_DIR; };
/* End PBXFileReference section */

/* Begin PBXFrameworksBuildPhase section */
		5651762838E84DA6851957E2 /* Frameworks */ = {
			isa = PBXFrameworksBuildPhase;
			buildActionMask = 2147483647;
			files = (
			);
			runOnlyForDeploymentPostprocessing = 0;
		};
/* End PBXFrameworksBuildPhase section */

/* Begin PBXGroup section */
		859CC33962CA473B8EDD5680 /* Main */ = {
			isa = PBXGroup;
			children = (
				BD93E9C915DF4D188F0E5BAA,
				D335077947494DABB8CA9411,
				DA063C72FBB54C05941494A5,
				D53BD11873434B5F933647E9,
				4E33F0B587974749A3DBDA5B,
				9DF365A29BB1429FBD2566FB,
				9D9900811C2C44D782FA4ECB
			);
			sourceTree = "<group>";
		};
		9D9900811C2C44D782FA4ECB /* Products */ = {
			isa = PBXGroup;
			children = (
				9D7B78ED49B94436AABB1E01 /* VoltLink.app */,
			);
			name = Products;
			sourceTree = "<group>";
		};
		BD93E9C915DF4D188F0E5BAA /* App */ = {
			isa = PBXGroup;
			children = (
				C36EE4AB87F6403FBF800940,
				773DDB07C2384F03B7209674,
				3685CAAE7FC8452CAABB5144
			);
			path = "App";
			sourceTree = "<group>";
		};
		D335077947494DABB8CA9411 /* CarPlay */ = {
			isa = PBXGroup;
			children = (
				BE8426E8B40A4A9B97F43BC5,
				9019D4253F144D6ABA30442D
			);
			path = "CarPlay";
			sourceTree = "<group>";
		};
		DA063C72FBB54C05941494A5 /* Core */ = {
			isa = PBXGroup;
			children = (
				DA413A8E7F6145898F2E4161,
				F89658961B3644308E0BB98B,
				EE50FEEA64CA4E4BA8E6AE08,
				3E182C3C295F47518E386DD8,
				F59F3C38B02047AC8BAC3EFB,
				134AB4D4359847B8A61ADB46
			);
			path = "Core";
			sourceTree = "<group>";
		};
		DA413A8E7F6145898F2E4161 /* Bluetooth */ = {
			isa = PBXGroup;
			children = (
				7B714EC3BA984F2BB38E3634,
				7D757F2B3B724FCFAEB753DF
			);
			path = "Bluetooth";
			sourceTree = "<group>";
		};
		F89658961B3644308E0BB98B /* Demo */ = {
			isa = PBXGroup;
			children = (
				190FC64A8CC146AEA76F20D8,
				037622B406BE4A128DB07D4D
			);
			path = "Demo";
			sourceTree = "<group>";
		};
		EE50FEEA64CA4E4BA8E6AE08 /* Location */ = {
			isa = PBXGroup;
			children = (
				C72D3BEC677C40FF93659AB9
			);
			path = "Location";
			sourceTree = "<group>";
		};
		3E182C3C295F47518E386DD8 /* OBD */ = {
			isa = PBXGroup;
			children = (
				E6CEA4E2BE0E4EB5BD9AF7E8,
				E13688E34EB44F8282ACCB77,
				8207011B7CBD49B997BED4E9
			);
			path = "OBD";
			sourceTree = "<group>";
		};
		F59F3C38B02047AC8BAC3EFB /* Telemetry */ = {
			isa = PBXGroup;
			children = (
				0A326359EA924540B87A4383,
				C45F53C837D849CD8C04BCC3
			);
			path = "Telemetry";
			sourceTree = "<group>";
		};
		134AB4D4359847B8A61ADB46 /* Vehicles */ = {
			isa = PBXGroup;
			children = (
				800B3B73B8FB4FC1A0967CB6,
				C2C2A8CC17164544B52B2DE2,
				4412E04BF43B4560A73BF4AD,
				13F775D8D0314BD484C444D5,
				AEECD9375FAE4BBC958ED3E0,
				31A722A8DBD343E0B374D355,
				8C8BBD2CAC8F4FB5B728CD5E,
				41B0507C6A7C40908370B76C,
				A8F1BE92159B48A38D6140AF,
				39AAAD0810BD48BB9D05B09D,
				7A17086CA60F4ACAAF4C0F1A
			);
			path = "Vehicles";
			sourceTree = "<group>";
		};
		D53BD11873434B5F933647E9 /* Data */ = {
			isa = PBXGroup;
			children = (
				95F9CD49F8CF4B558221D26C,
				65698DF8808E406BBF4BBF0F,
				EF819CDAF42646A6BB0BC201
			);
			path = "Data";
			sourceTree = "<group>";
		};
		95F9CD49F8CF4B558221D26C /* Models */ = {
			isa = PBXGroup;
			children = (
				6FB02D1CB14847F29664AEC7,
				EC2FADD957CE4B688CBD2A3D
			);
			path = "Models";
			sourceTree = "<group>";
		};
		65698DF8808E406BBF4BBF0F /* Repositories */ = {
			isa = PBXGroup;
			children = (
				E978AF1C1F10443F8D3F54CF
			);
			path = "Repositories";
			sourceTree = "<group>";
		};
		EF819CDAF42646A6BB0BC201 /* Seed */ = {
			isa = PBXGroup;
			children = (
				C859D73F315E4A2585B300C9,
				FBA5D67C6BD34C65A3244255,
				483B31FEE06F460D85ACCE45
			);
			path = "Seed";
			sourceTree = "<group>";
		};
		C859D73F315E4A2585B300C9 /* abrp_pids */ = {
			isa = PBXGroup;
			children = (
				043BAFDD943540D487537DF0,
				894E281B4AF9440C830D72BB,
				93BC0D41EE254535B81A6A92,
				AF05D20480114A15B44AA7AA,
				593582B01D6B46BFBDCE14A9,
				9EE8B320B6114CF5BF62AE13,
				2021AAE2D44E460DAD177483,
				594199404AEE4AEA9A01E80B,
				C60CF9F5BD6747BD87C1F0E5,
				BA2582B5576F401294DDD710,
				1F27F998C04F46EF945171FE,
				901F03403ABC43A7A5DE495F,
				FF365E05F5994AF285C11C41,
				6F9EEFC942704DDBAC03DA91,
				56124A8AF2544C798DA455FA,
				A7545E9DA83B4FE58961BA01,
				0C1D1B4F2EEA4F78B636296A,
				BAAD20C294F347A5B35D419D,
				866E85B44B6C49959D12A53B,
				22DB960BA7224986A27D9BA9,
				F96CA667F4EA4F5195FBD9CC,
				FB3B48C340ED4AC781E8A7C3
			);
			path = "abrp_pids";
			sourceTree = "<group>";
		};
		4E33F0B587974749A3DBDA5B /* Services */ = {
			isa = PBXGroup;
			children = (
				01D169ED3AD94D908F52D027,
				7CE6D6F51EE3411DB57CB91D,
				A5C3139D8A1D4C0C80BA8E1F,
				25597ABFB3D44388979A095A,
				19F954CC68B043169E6FD1F8
			);
			path = "Services";
			sourceTree = "<group>";
		};
		9DF365A29BB1429FBD2566FB /* UI */ = {
			isa = PBXGroup;
			children = (
				2D125C77497B4981833E0DF9,
				8C639863BF4B49B99D507F26,
				4788D508495B427496A4EC00,
				763033CF0F5B426F96A5391A,
				FF4E60DDFEB046C0AF57D387,
				B84FB8C80F6B4189BC0F5B75
			);
			path = "UI";
			sourceTree = "<group>";
		};
		2D125C77497B4981833E0DF9 /* Charging */ = {
			isa = PBXGroup;
			children = (
				6C772CFC199043E5A4D6DAFF,
				66D613CE054A4989929F2C9A
			);
			path = "Charging";
			sourceTree = "<group>";
		};
		8C639863BF4B49B99D507F26 /* Dashboard */ = {
			isa = PBXGroup;
			children = (
				7833013BF9E34C1EBB15B801,
				C143F6B4DB46424D8294FED7,
				8ABEC09FC5694F2FBF38716F,
				C63A388CC9F64E75AEFCCFC7,
				884347BA345C47ED9D555862,
				0A0BD9475824419DA7A1B6C3
			);
			path = "Dashboard";
			sourceTree = "<group>";
		};
		4788D508495B427496A4EC00 /* DesignSystem */ = {
			isa = PBXGroup;
			children = (
				AEB289D0AF0F4C7E8D4ED244,
				8FC6E9FC904E4ADB93777DF6,
				31F1B6480DB04D6F9B9D18CF
			);
			path = "DesignSystem";
			sourceTree = "<group>";
		};
		AEB289D0AF0F4C7E8D4ED244 /* AnimatedGauges */ = {
			isa = PBXGroup;
			children = (
				7263046A36DE4C42B97044F2,
				BCA2AB68B9F24B4F946D1B29,
				46BA34FE0C4A4F4E930ACE90,
				D62FED78742F4864B5A039F4
			);
			path = "AnimatedGauges";
			sourceTree = "<group>";
		};
		763033CF0F5B426F96A5391A /* Diagnostics */ = {
			isa = PBXGroup;
			children = (
				0204B45F108040AEBA6E069F
			);
			path = "Diagnostics";
			sourceTree = "<group>";
		};
		FF4E60DDFEB046C0AF57D387 /* Settings */ = {
			isa = PBXGroup;
			children = (
				DAAEE6ADB9454E06934C7E3D,
				DF5C470039A74373BA6F1014,
				7A7D626735D245F5B778BB68,
				B46F9DEF3CA74FB09C0B79C0,
				059143AF89EB4DEA95B1D6A7
			);
			path = "Settings";
			sourceTree = "<group>";
		};
		B84FB8C80F6B4189BC0F5B75 /* Trips */ = {
			isa = PBXGroup;
			children = (
				FF603D0A4EA54F558E6E91D4,
				D5EAA3DDBB67400A82246E45
			);
			path = "Trips";
			sourceTree = "<group>";
		};
/* End PBXGroup section */

/* Begin PBXNativeTarget section */
		41148C8B1F6348DF89BCA9E4 /* VoltLink */ = {
			isa = PBXNativeTarget;
			buildConfigurationList = DC8194017DC44910A987D4FD /* Build configuration list for PBXNativeTarget "VoltLink" */;
			buildPhases = (
				C8DCDF87BFE44D6E943AAAA0 /* Sources */,
				12053A4AA55A4C0A94179895 /* Resources */,
				5651762838E84DA6851957E2 /* Frameworks */,
			);
			buildRules = (
			);
			dependencies = (
			);
			name = VoltLink;
			productName = VoltLink;
			productReference = 9D7B78ED49B94436AABB1E01 /* VoltLink.app */;
			productType = "com.apple.product-type.application";
		};
/* End PBXNativeTarget section */

/* Begin PBXProject section */
		C108DC6D496D45F2AD1BB7AF /* Project Object */ = {
			isa = PBXProject;
			attributes = {
				BuildIndependentTargetsInParallel = 1;
				LastUpgradeCheck = 1600;
				TargetAttributes = {
					41148C8B1F6348DF89BCA9E4 = {
						CreatedOnToolsVersion = 16.0;
					};
				};
			};
			buildConfigurationList = F6893D268DC14506A41749D0 /* Build configuration list for PBXProject "VoltLink" */;
			compatibilityVersion = "Xcode 14.0";
			developmentRegion = en;
			hasScannedForEncodings = 0;
			knownRegions = (
				en,
				Base,
			);
			mainGroup = 859CC33962CA473B8EDD5680 /* Main */;
			productRefGroup = 9D9900811C2C44D782FA4ECB /* Products */;
			projectDirPath = "";
			projectRoot = "";
			targets = (
				41148C8B1F6348DF89BCA9E4 /* VoltLink */,
			);
		};
/* End PBXProject section */

/* Begin PBXResourcesBuildPhase section */
		12053A4AA55A4C0A94179895 /* Resources */ = {
			isa = PBXResourcesBuildPhase;
			buildActionMask = 2147483647;
			files = (
				273C7C87097249FEA0455C82 /* Mini_MiniCooperSE.json in Resources */,
				E79B2580C8E049409424FD81 /* aiways_u5.json in Resources */,
				4A2334CAED1243E0AEB7040B /* bmw_i3.json in Resources */,
				144E1E0083C2483384AE6E11 /* byd_atto3.json in Resources */,
				FE72BA1694344FBB8B61C120 /* deepal_s05.json in Resources */,
				FF20FE427887480A8651BDB3 /* deepal_s05_deepal_s05_abrp_submit_candidate___Clean.json in Resources */,
				91FE1B9966F94D88B7055F04 /* ford_MachE.json in Resources */,
				B8AE332DE82D4EC497EF92EC /* gmc_bolt17.json in Resources */,
				CFDD64A96ECC42849CCDDA46 /* gmc_bolt19.json in Resources */,
				756BB8B4257842288D2B0275 /* hkmc_Ioniq5.json in Resources */,
				01943EEE9A4B472590480F1A /* hkmc_hkmc2017.json in Resources */,
				A49F003E1CD84F1793EC4E75 /* hkmc_hkmc2019.json in Resources */,
				E342E72390AC4E63A329F868 /* honda_eny1.json in Resources */,
				796E173B8A5E40D79ED7CE73 /* jaguar_ipace2019.json in Resources */,
				F40F3A2B6E8448FDA16D2ACF /* jaguar_ipace2021.json in Resources */,
				5A537F1CD42F4FBB960874C2 /* mg_mgzsev.json in Resources */,
				68AFC610F4854EDE8B9286E2 /* obdble_cars.json in Resources */,
				9910B29E072F40649172488F /* renault_zoe.json in Resources */,
				7B9500523B8E4B7781121B45 /* renault_zoe2.json in Resources */,
				D86A415B29D44CBFACEE4BC8 /* volkswagen_MEB.json in Resources */,
				1421BF72FB974DEC84280FDA /* volkswagen_eGolf.json in Resources */,
				69D95BF7423B41B0BC45901D /* volkswagen_eUP.json in Resources */,
				3A493F8180444BECB689C197 /* dtc_definitions.json in Resources */,
				4EE85FF2DD3C469F8B44AB68 /* vehicle_catalog.json in Resources */,
				C1D8AFB8C93B4744BB9425E7 /* Assets.xcassets in Resources */
			);
			runOnlyForDeploymentPostprocessing = 0;
		};
/* End PBXResourcesBuildPhase section */

/* Begin PBXSourcesBuildPhase section */
		C8DCDF87BFE44D6E943AAAA0 /* Sources */ = {
			isa = PBXSourcesBuildPhase;
			buildActionMask = 2147483647;
			files = (
				EBEB231AF6F14EA88EE306F9 /* AppEnvironment.swift in Sources */,
				3EBE48961E8443B6973B9903 /* VoltLinkApp.swift in Sources */,
				073A5A66911A4956A1C74EA2 /* CarPlayLayoutStore.swift in Sources */,
				260A018A26F549A08C78E4CF /* CarPlaySceneDelegate.swift in Sources */,
				5E27E79E77B547B9A715131E /* BLEConstants.swift in Sources */,
				94A6C9B0E2EC4898AFE6A69D /* BluetoothManager.swift in Sources */,
				4EE39FE598094F2981711F98 /* MockDrivingSimulation.swift in Sources */,
				9E6C5F75044A4B1B94B7E721 /* MockOBDAdapter.swift in Sources */,
				F52CDDC2F6A64B3FB1EEC13C /* TripLocationManager.swift in Sources */,
				B599D4BE3B0D41BCA3A9C10A /* DTCCode.swift in Sources */,
				1AC58F09D38D4E89B85F8E1F /* ISO15765Parser.swift in Sources */,
				A4D9D32DEE4247AEAE3B21E2 /* OBDConnectionProtocol.swift in Sources */,
				0609359EEEB34D77AB13E584 /* ChargingSessionTracker.swift in Sources */,
				099049DCA33B4C79BD61B7F2 /* TelemetryMetric.swift in Sources */,
				C9C89C3DD9F842919984FF09 /* ABRPProfileLoader.swift in Sources */,
				4FDCAB936A0945B192BB6DDF /* GenericEVProfile.swift in Sources */,
				79806E7148604242AA41EC24 /* GenericOBD2Profile.swift in Sources */,
				E3B9577794CE4CCA81326172 /* HyundaiKiaEGMPProfile.swift in Sources */,
				71024E761B6446369208D20E /* MercedesEQA250Profile.swift in Sources */,
				DCE22368F0D04A00BFF10799 /* MercedesEQAOBDbProfile.swift in Sources */,
				A3939BBDB63E45D4801551CA /* NissanLeafZE1Profile.swift in Sources */,
				0FB048A5BC514E2595CF685B /* VehicleCatalog.swift in Sources */,
				8025A948454C431FB73DB649 /* VehicleProfile.swift in Sources */,
				EA2402E5538D42918EEFC441 /* VehicleProfileRegistry.swift in Sources */,
				3278C02E7BCE49E09906EECB /* VolkswagenMEBProfile.swift in Sources */,
				F0D082EC70474C738C19885D /* ChargingSessionModel.swift in Sources */,
				B3E4BF628689474E8C83F27A /* TripModel.swift in Sources */,
				DC368EAF19A54316B6E48695 /* DTCLocalDatabase.swift in Sources */,
				2734BB7BE3294BC0A4528488 /* AILogAnalyzer.swift in Sources */,
				03038ABF337F46A99FF81C26 /* ChargingTrackingManager.swift in Sources */,
				93FBBB0ACB5A4528BD52CF18 /* DTCScannerService.swift in Sources */,
				72E816545DA043EEA5F2014C /* TripTrackingManager.swift in Sources */,
				27BEE4B7D9CA4136BC2B3DFE /* VehicleDataManager.swift in Sources */,
				B76DEE4A51A747E9A8921E92 /* ChargingLiveView.swift in Sources */,
				BA722BB2677D41F5824EEF14 /* ChargingSessionDetailView.swift in Sources */,
				F6C1C85D18454A9E8E4E2117 /* DashboardCustomizationSheet.swift in Sources */,
				8C8039EFEC634C0BA302626D /* DashboardView.swift in Sources */,
				15CA0FB8DB804693BBC09CAA /* DashboardWidgetConfig.swift in Sources */,
				BC29A4D85FC449898D3C0153 /* DashboardWidgetTile.swift in Sources */,
				A1525A15582848018FAB3C42 /* HUDModeView.swift in Sources */,
				662F10CCE7084AEEB879AB8C /* LiveTelemetryChartView.swift in Sources */,
				4D6ED65D4503498D9D6E1CBD /* BatteryLevelBar.swift in Sources */,
				FA1ECFFD38BB4FAC97959499 /* MetricBarView.swift in Sources */,
				898C01F135EC4122A7AB5266 /* MetricDialView.swift in Sources */,
				7A1E7FF267894093B15F75E5 /* MetricNumericTileView.swift in Sources */,
				4891586F94214C708AAEDBFC /* FloatingConnectionBanner.swift in Sources */,
				E5C754CA58654FD893DC9F34 /* Theme.swift in Sources */,
				68713E05D8D44780B519DC23 /* DiagnosticsView.swift in Sources */,
				3040B7CE39E545D88F963B6B /* CarPlayTileEditorView.swift in Sources */,
				325F9DE03D374E5FB480A2C9 /* OBDTerminalView.swift in Sources */,
				7B4C78B4378F41B7AA22337F /* ProfileMetricStatusView.swift in Sources */,
				8163245D904E4480890BE107 /* SettingsView.swift in Sources */,
				1F8A8226958D4FE194AF6873 /* VehicleProfilePickerSheet.swift in Sources */,
				0122C2C87B5A41129B364E0E /* TripDetailView.swift in Sources */,
				CDD457ED20664AC1989F19F9 /* TripHistoryView.swift in Sources */
			);
			runOnlyForDeploymentPostprocessing = 0;
		};
/* End PBXSourcesBuildPhase section */

/* Begin XCBuildConfiguration section */
		FA3D2CF6073442E19AFB0F9A /* Debug */ = {
			isa = XCBuildConfiguration;
			buildSettings = {
				ALWAYS_SEARCH_USER_PATHS = NO;
				CLANG_ENABLE_MODULES = YES;
				CURRENT_PROJECT_VERSION = 1;
				ENABLE_PREVIEWS = YES;
				GENERATE_INFOPLIST_FILE = YES;
				INFOPLIST_KEY_UIApplicationSceneManifest_Generation = NO;
				INFOPLIST_KEY_UILaunchScreen_Generation = YES;
				IPHONEOS_DEPLOYMENT_TARGET = 17.0;
				MARKETING_VERSION = 1.0;
				PRODUCT_BUNDLE_IDENTIFIER = "com.simonkaring.voltlink";
				PRODUCT_NAME = "$(TARGET_NAME)";
				SDKROOT = iphoneos;
				SWIFT_VERSION = 5.0;
				TARGETED_DEVICE_FAMILY = "1,2";
			};
			name = Debug;
		};
		49BCA03CE3BC41F584BB2A62 /* Release */ = {
			isa = XCBuildConfiguration;
			buildSettings = {
				ALWAYS_SEARCH_USER_PATHS = NO;
				CLANG_ENABLE_MODULES = YES;
				CURRENT_PROJECT_VERSION = 1;
				ENABLE_PREVIEWS = YES;
				GENERATE_INFOPLIST_FILE = YES;
				INFOPLIST_KEY_UIApplicationSceneManifest_Generation = NO;
				INFOPLIST_KEY_UILaunchScreen_Generation = YES;
				IPHONEOS_DEPLOYMENT_TARGET = 17.0;
				MARKETING_VERSION = 1.0;
				PRODUCT_BUNDLE_IDENTIFIER = "com.simonkaring.voltlink";
				PRODUCT_NAME = "$(TARGET_NAME)";
				SDKROOT = iphoneos;
				SWIFT_VERSION = 5.0;
				TARGETED_DEVICE_FAMILY = "1,2";
			};
			name = Release;
		};
		84D9D1E57968402D839EDE2B /* Debug */ = {
			isa = XCBuildConfiguration;
			buildSettings = {
				ASSETCATALOG_COMPILER_APPICON_NAME = AppIcon;
				ASSETCATALOG_COMPILER_GLOBAL_ACCENT_COLOR_NAME = AccentColor;
				CODE_SIGN_ENTITLEMENTS = App/VoltLink.entitlements;
				CODE_SIGN_STYLE = Automatic;
				CURRENT_PROJECT_VERSION = 1;
				INFOPLIST_FILE = App/Info.plist;
				LD_RUNPATH_SEARCH_PATHS = (
					"$(inherited)",
					"@executable_path/Frameworks",
				);
				MARKETING_VERSION = 1.0;
				PRODUCT_BUNDLE_IDENTIFIER = "com.simonkaring.voltlink";
				PRODUCT_NAME = "$(TARGET_NAME)";
				SWIFT_EMIT_LOC_STRINGS = YES;
				SWIFT_VERSION = 5.0;
				TARGETED_DEVICE_FAMILY = "1,2";
			};
			name = Debug;
		};
		DECF47B52F064F13968D5A11 /* Release */ = {
			isa = XCBuildConfiguration;
			buildSettings = {
				ASSETCATALOG_COMPILER_APPICON_NAME = AppIcon;
				ASSETCATALOG_COMPILER_GLOBAL_ACCENT_COLOR_NAME = AccentColor;
				CODE_SIGN_ENTITLEMENTS = App/VoltLink.entitlements;
				CODE_SIGN_STYLE = Automatic;
				CURRENT_PROJECT_VERSION = 1;
				INFOPLIST_FILE = App/Info.plist;
				LD_RUNPATH_SEARCH_PATHS = (
					"$(inherited)",
					"@executable_path/Frameworks",
				);
				MARKETING_VERSION = 1.0;
				PRODUCT_BUNDLE_IDENTIFIER = "com.simonkaring.voltlink";
				PRODUCT_NAME = "$(TARGET_NAME)";
				SWIFT_EMIT_LOC_STRINGS = YES;
				SWIFT_VERSION = 5.0;
				TARGETED_DEVICE_FAMILY = "1,2";
			};
			name = Release;
		};
/* End XCBuildConfiguration section */

/* Begin XCConfigurationList section */
		F6893D268DC14506A41749D0 /* Build configuration list for PBXProject "VoltLink" */ = {
			isa = XCConfigurationList;
			buildConfigurations = (
				FA3D2CF6073442E19AFB0F9A /* Debug */,
				49BCA03CE3BC41F584BB2A62 /* Release */,
			);
			defaultConfigurationIsVisible = 0;
			defaultConfigurationName = Release;
		};
		DC8194017DC44910A987D4FD /* Build configuration list for PBXNativeTarget "VoltLink" */ = {
			isa = XCConfigurationList;
			buildConfigurations = (
				84D9D1E57968402D839EDE2B /* Debug */,
				DECF47B52F064F13968D5A11 /* Release */,
			);
			defaultConfigurationIsVisible = 0;
			defaultConfigurationName = Release;
		};
/* End XCConfigurationList section */
	};
	rootObject = C108DC6D496D45F2AD1BB7AF /* Project Object */;
}
